// !$*UTF8*$!
{
	archiveVersion = 1;
	classes = {
	};
	objectVersion = 46;
	objects = {

/* Begin PBXBuildFile section */
		8236EBD915EF226E00F3351E /* QuartzCore.framework in Frameworks */ = {isa = PBXBuildFile; fileRef = 8236EBD815EF226E00F3351E /* QuartzCore.framework */; };
		827E3ED215E5528200D30D96 /* UIKit.framework in Frameworks */ = {isa = PBXBuildFile; fileRef = 827E3ED115E5528200D30D96 /* UIKit.framework */; };
		827E3ED415E5528200D30D96 /* Foundation.framework in Frameworks */ = {isa = PBXBuildFile; fileRef = 827E3ED315E5528200D30D96 /* Foundation.framework */; };
		827E3ED615E5528200D30D96 /* CoreGraphics.framework in Frameworks */ = {isa = PBXBuildFile; fileRef = 827E3ED515E5528200D30D96 /* CoreGraphics.framework */; };
		827E3EDC15E5528200D30D96 /* InfoPlist.strings in Resources */ = {isa = PBXBuildFile; fileRef = 827E3EDA15E5528200D30D96 /* InfoPlist.strings */; };
		827E3EDE15E5528200D30D96 /* main.m in Sources */ = {isa = PBXBuildFile; fileRef = 827E3EDD15E5528200D30D96 /* main.m */; };
		827E3EE215E5528200D30D96 /* SinglyAppDelegate.m in Sources */ = {isa = PBXBuildFile; fileRef = 827E3EE115E5528200D30D96 /* SinglyAppDelegate.m */; };
		827E3EE515E5528200D30D96 /* MainStoryboard_iPhone.storyboard in Resources */ = {isa = PBXBuildFile; fileRef = 827E3EE315E5528200D30D96 /* MainStoryboard_iPhone.storyboard */; };
		827E3EE815E5528200D30D96 /* MainStoryboard_iPad.storyboard in Resources */ = {isa = PBXBuildFile; fileRef = 827E3EE615E5528200D30D96 /* MainStoryboard_iPad.storyboard */; };
		827E3EEB15E5528200D30D96 /* SinglyViewController.m in Sources */ = {isa = PBXBuildFile; fileRef = 827E3EEA15E5528200D30D96 /* SinglyViewController.m */; };
		82B5FA711614B4B4009ADD27 /* Accounts.framework in Frameworks */ = {isa = PBXBuildFile; fileRef = 82B5FA701614B4B4009ADD27 /* Accounts.framework */; };
		D0CBF6F1161A19AE00C11322 /* SinglySDK.framework in Frameworks */ = {isa = PBXBuildFile; fileRef = D0CBF6EF161A199F00C11322 /* SinglySDK.framework */; };
/* End PBXBuildFile section */

/* Begin PBXFileReference section */
		8236EBD815EF226E00F3351E /* QuartzCore.framework */ = {isa = PBXFileReference; lastKnownFileType = wrapper.framework; name = QuartzCore.framework; path = System/Library/Frameworks/QuartzCore.framework; sourceTree = SDKROOT; };
		827E3ECD15E5528200D30D96 /* SinglySDK Example.app */ = {isa = PBXFileReference; explicitFileType = wrapper.application; includeInIndex = 0; path = "SinglySDK Example.app"; sourceTree = BUILT_PRODUCTS_DIR; };
		827E3ED115E5528200D30D96 /* UIKit.framework */ = {isa = PBXFileReference; lastKnownFileType = wrapper.framework; name = UIKit.framework; path = System/Library/Frameworks/UIKit.framework; sourceTree = SDKROOT; };
		827E3ED315E5528200D30D96 /* Foundation.framework */ = {isa = PBXFileReference; lastKnownFileType = wrapper.framework; name = Foundation.framework; path = System/Library/Frameworks/Foundation.framework; sourceTree = SDKROOT; };
		827E3ED515E5528200D30D96 /* CoreGraphics.framework */ = {isa = PBXFileReference; lastKnownFileType = wrapper.framework; name = CoreGraphics.framework; path = System/Library/Frameworks/CoreGraphics.framework; sourceTree = SDKROOT; };
		827E3ED915E5528200D30D96 /* SinglySDK Example-Info.plist */ = {isa = PBXFileReference; lastKnownFileType = text.plist.xml; path = "SinglySDK Example-Info.plist"; sourceTree = "<group>"; };
		827E3EDB15E5528200D30D96 /* en */ = {isa = PBXFileReference; lastKnownFileType = text.plist.strings; name = en; path = en.lproj/InfoPlist.strings; sourceTree = "<group>"; };
		827E3EDD15E5528200D30D96 /* main.m */ = {isa = PBXFileReference; lastKnownFileType = sourcecode.c.objc; path = main.m; sourceTree = "<group>"; };
		827E3EDF15E5528200D30D96 /* SinglySDK Example-Prefix.pch */ = {isa = PBXFileReference; lastKnownFileType = sourcecode.c.h; path = "SinglySDK Example-Prefix.pch"; sourceTree = "<group>"; };
		827E3EE015E5528200D30D96 /* SinglyAppDelegate.h */ = {isa = PBXFileReference; lastKnownFileType = sourcecode.c.h; path = SinglyAppDelegate.h; sourceTree = "<group>"; };
		827E3EE115E5528200D30D96 /* SinglyAppDelegate.m */ = {isa = PBXFileReference; lastKnownFileType = sourcecode.c.objc; path = SinglyAppDelegate.m; sourceTree = "<group>"; };
		827E3EE415E5528200D30D96 /* en */ = {isa = PBXFileReference; lastKnownFileType = file.storyboard; name = en; path = en.lproj/MainStoryboard_iPhone.storyboard; sourceTree = "<group>"; };
		827E3EE715E5528200D30D96 /* en */ = {isa = PBXFileReference; lastKnownFileType = file.storyboard; name = en; path = en.lproj/MainStoryboard_iPad.storyboard; sourceTree = "<group>"; };
		827E3EE915E5528200D30D96 /* SinglyViewController.h */ = {isa = PBXFileReference; lastKnownFileType = sourcecode.c.h; path = SinglyViewController.h; sourceTree = "<group>"; };
		827E3EEA15E5528200D30D96 /* SinglyViewController.m */ = {isa = PBXFileReference; lastKnownFileType = sourcecode.c.objc; path = SinglyViewController.m; sourceTree = "<group>"; };
		82B5FA701614B4B4009ADD27 /* Accounts.framework */ = {isa = PBXFileReference; lastKnownFileType = wrapper.framework; name = Accounts.framework; path = System/Library/Frameworks/Accounts.framework; sourceTree = SDKROOT; };
		D0CBF6EF161A199F00C11322 /* SinglySDK.framework */ = {isa = PBXFileReference; lastKnownFileType = wrapper.framework; name = SinglySDK.framework; path = "../../../../../Library/Developer/Xcode/DerivedData/Singly_iOS-gvvypxpwwugfmzeggytcxzkclkhp/Build/Products/Debug-iphoneos/SinglySDK.framework"; sourceTree = "<group>"; };
/* End PBXFileReference section */

/* Begin PBXFrameworksBuildPhase section */
		827E3ECA15E5528200D30D96 /* Frameworks */ = {
			isa = PBXFrameworksBuildPhase;
			buildActionMask = 2147483647;
			files = (
				82B5FA711614B4B4009ADD27 /* Accounts.framework in Frameworks */,
				8236EBD915EF226E00F3351E /* QuartzCore.framework in Frameworks */,
				827E3ED215E5528200D30D96 /* UIKit.framework in Frameworks */,
				827E3ED415E5528200D30D96 /* Foundation.framework in Frameworks */,
				827E3ED615E5528200D30D96 /* CoreGraphics.framework in Frameworks */,
				D0CBF6F1161A19AE00C11322 /* SinglySDK.framework in Frameworks */,
			);
			runOnlyForDeploymentPostprocessing = 0;
		};
/* End PBXFrameworksBuildPhase section */

/* Begin PBXGroup section */
		82055172160B7A6E00F06D13 /* Resources */ = {
			isa = PBXGroup;
			children = (
			);
			name = Resources;
			path = ../../SinglySDK/SinglySDK/ComposeViewController/Resources;
			sourceTree = "<group>";
		};
		827E3EC215E5528200D30D96 = {
			isa = PBXGroup;
			children = (
				827E3ED715E5528200D30D96 /* SinglySDK Example */,
				827E3ED015E5528200D30D96 /* Frameworks */,
				827E3ECE15E5528200D30D96 /* Products */,
			);
			sourceTree = "<group>";
		};
		827E3ECE15E5528200D30D96 /* Products */ = {
			isa = PBXGroup;
			children = (
				827E3ECD15E5528200D30D96 /* SinglySDK Example.app */,
			);
			name = Products;
			sourceTree = "<group>";
		};
		827E3ED015E5528200D30D96 /* Frameworks */ = {
			isa = PBXGroup;
			children = (
				82B5FA701614B4B4009ADD27 /* Accounts.framework */,
				8236EBD815EF226E00F3351E /* QuartzCore.framework */,
				827E3ED115E5528200D30D96 /* UIKit.framework */,
				827E3ED315E5528200D30D96 /* Foundation.framework */,
				827E3ED515E5528200D30D96 /* CoreGraphics.framework */,
				D0CBF6EF161A199F00C11322 /* SinglySDK.framework */,
			);
			name = Frameworks;
			sourceTree = "<group>";
		};
		827E3ED715E5528200D30D96 /* SinglySDK Example */ = {
			isa = PBXGroup;
			children = (
				82055172160B7A6E00F06D13 /* Resources */,
				827E3EE015E5528200D30D96 /* SinglyAppDelegate.h */,
				827E3EE115E5528200D30D96 /* SinglyAppDelegate.m */,
				827E3EE315E5528200D30D96 /* MainStoryboard_iPhone.storyboard */,
				827E3EE615E5528200D30D96 /* MainStoryboard_iPad.storyboard */,
				827E3EE915E5528200D30D96 /* SinglyViewController.h */,
				827E3EEA15E5528200D30D96 /* SinglyViewController.m */,
				827E3ED815E5528200D30D96 /* Supporting Files */,
			);
			path = "SinglySDK Example";
			sourceTree = "<group>";
		};
		827E3ED815E5528200D30D96 /* Supporting Files */ = {
			isa = PBXGroup;
			children = (
				827E3ED915E5528200D30D96 /* SinglySDK Example-Info.plist */,
				827E3EDA15E5528200D30D96 /* InfoPlist.strings */,
				827E3EDD15E5528200D30D96 /* main.m */,
				827E3EDF15E5528200D30D96 /* SinglySDK Example-Prefix.pch */,
			);
			name = "Supporting Files";
			sourceTree = "<group>";
		};
/* End PBXGroup section */

/* Begin PBXNativeTarget section */
		827E3ECC15E5528200D30D96 /* SinglySDK Example */ = {
			isa = PBXNativeTarget;
			buildConfigurationList = 827E3EEE15E5528200D30D96 /* Build configuration list for PBXNativeTarget "SinglySDK Example" */;
			buildPhases = (
				827E3EC915E5528200D30D96 /* Sources */,
				827E3ECA15E5528200D30D96 /* Frameworks */,
				827E3ECB15E5528200D30D96 /* Resources */,
			);
			buildRules = (
			);
			dependencies = (
			);
			name = "SinglySDK Example";
			productName = "SinglySDK Example";
			productReference = 827E3ECD15E5528200D30D96 /* SinglySDK Example.app */;
			productType = "com.apple.product-type.application";
		};
/* End PBXNativeTarget section */

/* Begin PBXProject section */
		827E3EC415E5528200D30D96 /* Project object */ = {
			isa = PBXProject;
			attributes = {
				CLASSPREFIX = SY;
				LastUpgradeCheck = 0440;
				ORGANIZATIONNAME = "Singly, Inc";
			};
			buildConfigurationList = 827E3EC715E5528200D30D96 /* Build configuration list for PBXProject "SinglySDK Example" */;
			compatibilityVersion = "Xcode 3.2";
			developmentRegion = English;
			hasScannedForEncodings = 0;
			knownRegions = (
				en,
			);
			mainGroup = 827E3EC215E5528200D30D96;
			productRefGroup = 827E3ECE15E5528200D30D96 /* Products */;
			projectDirPath = "";
			projectRoot = "";
			targets = (
				827E3ECC15E5528200D30D96 /* SinglySDK Example */,
			);
		};
/* End PBXProject section */

/* Begin PBXResourcesBuildPhase section */
		827E3ECB15E5528200D30D96 /* Resources */ = {
			isa = PBXResourcesBuildPhase;
			buildActionMask = 2147483647;
			files = (
				827E3EDC15E5528200D30D96 /* InfoPlist.strings in Resources */,
				827E3EE515E5528200D30D96 /* MainStoryboard_iPhone.storyboard in Resources */,
				827E3EE815E5528200D30D96 /* MainStoryboard_iPad.storyboard in Resources */,
			);
			runOnlyForDeploymentPostprocessing = 0;
		};
/* End PBXResourcesBuildPhase section */

/* Begin PBXSourcesBuildPhase section */
		827E3EC915E5528200D30D96 /* Sources */ = {
			isa = PBXSourcesBuildPhase;
			buildActionMask = 2147483647;
			files = (
				827E3EDE15E5528200D30D96 /* main.m in Sources */,
				827E3EE215E5528200D30D96 /* SinglyAppDelegate.m in Sources */,
				827E3EEB15E5528200D30D96 /* SinglyViewController.m in Sources */,
			);
			runOnlyForDeploymentPostprocessing = 0;
		};
/* End PBXSourcesBuildPhase section */

/* Begin PBXVariantGroup section */
		827E3EDA15E5528200D30D96 /* InfoPlist.strings */ = {
			isa = PBXVariantGroup;
			children = (
				827E3EDB15E5528200D30D96 /* en */,
			);
			name = InfoPlist.strings;
			sourceTree = "<group>";
		};
		827E3EE315E5528200D30D96 /* MainStoryboard_iPhone.storyboard */ = {
			isa = PBXVariantGroup;
			children = (
				827E3EE415E5528200D30D96 /* en */,
			);
			name = MainStoryboard_iPhone.storyboard;
			sourceTree = "<group>";
		};
		827E3EE615E5528200D30D96 /* MainStoryboard_iPad.storyboard */ = {
			isa = PBXVariantGroup;
			children = (
				827E3EE715E5528200D30D96 /* en */,
			);
			name = MainStoryboard_iPad.storyboard;
			sourceTree = "<group>";
		};
/* End PBXVariantGroup section */

/* Begin XCBuildConfiguration section */
		827E3EEC15E5528200D30D96 /* Debug */ = {
			isa = XCBuildConfiguration;
			buildSettings = {
				ALWAYS_SEARCH_USER_PATHS = NO;
				ARCHS = "$(ARCHS_STANDARD_32_BIT)";
				CLANG_CXX_LANGUAGE_STANDARD = "gnu++0x";
				CLANG_ENABLE_OBJC_ARC = YES;
				CLANG_WARN__DUPLICATE_METHOD_MATCH = YES;
				"CODE_SIGN_IDENTITY[sdk=iphoneos*]" = "iPhone Developer";
				COPY_PHASE_STRIP = NO;
				GCC_C_LANGUAGE_STANDARD = gnu99;
				GCC_DYNAMIC_NO_PIC = NO;
				GCC_OPTIMIZATION_LEVEL = 0;
				GCC_PREPROCESSOR_DEFINITIONS = (
					"DEBUG=1",
					"$(inherited)",
				);
				GCC_SYMBOLS_PRIVATE_EXTERN = NO;
				GCC_VERSION = com.apple.compilers.llvm.clang.1_0;
				GCC_WARN_ABOUT_RETURN_TYPE = YES;
				GCC_WARN_UNINITIALIZED_AUTOS = YES;
				GCC_WARN_UNUSED_VARIABLE = YES;
				IPHONEOS_DEPLOYMENT_TARGET = 5.0;
				LIBRARY_SEARCH_PATHS = "\"$(BUILD_ROOT)/$(CONFIGURATION)\"/**";
				SDKROOT = iphoneos;
				TARGETED_DEVICE_FAMILY = "1,2";
			};
			name = Debug;
		};
		827E3EED15E5528200D30D96 /* Release */ = {
			isa = XCBuildConfiguration;
			buildSettings = {
				ALWAYS_SEARCH_USER_PATHS = NO;
				ARCHS = "$(ARCHS_STANDARD_32_BIT)";
				CLANG_CXX_LANGUAGE_STANDARD = "gnu++0x";
				CLANG_ENABLE_OBJC_ARC = YES;
				CLANG_WARN__DUPLICATE_METHOD_MATCH = YES;
				"CODE_SIGN_IDENTITY[sdk=iphoneos*]" = "iPhone Developer";
				COPY_PHASE_STRIP = YES;
				GCC_C_LANGUAGE_STANDARD = gnu99;
				GCC_VERSION = com.apple.compilers.llvm.clang.1_0;
				GCC_WARN_ABOUT_RETURN_TYPE = YES;
				GCC_WARN_UNINITIALIZED_AUTOS = YES;
				GCC_WARN_UNUSED_VARIABLE = YES;
				IPHONEOS_DEPLOYMENT_TARGET = 5.0;
				LIBRARY_SEARCH_PATHS = "\"$(BUILD_ROOT)/$(CONFIGURATION)\"/**";
				OTHER_CFLAGS = "-DNS_BLOCK_ASSERTIONS=1";
				SDKROOT = iphoneos;
				TARGETED_DEVICE_FAMILY = "1,2";
				VALIDATE_PRODUCT = YES;
			};
			name = Release;
		};
		827E3EEF15E5528200D30D96 /* Debug */ = {
			isa = XCBuildConfiguration;
			buildSettings = {
				GCC_PRECOMPILE_PREFIX_HEADER = YES;
				GCC_PREFIX_HEADER = "SinglySDK Example/SinglySDK Example-Prefix.pch";
				INFOPLIST_FILE = "SinglySDK Example/SinglySDK Example-Info.plist";
				IPHONEOS_DEPLOYMENT_TARGET = 5.1;
				PRODUCT_NAME = "$(TARGET_NAME)";
				WRAPPER_EXTENSION = app;
			};
			name = Debug;
		};
		827E3EF015E5528200D30D96 /* Release */ = {
			isa = XCBuildConfiguration;
			buildSettings = {
				GCC_PRECOMPILE_PREFIX_HEADER = YES;
				GCC_PREFIX_HEADER = "SinglySDK Example/SinglySDK Example-Prefix.pch";
				INFOPLIST_FILE = "SinglySDK Example/SinglySDK Example-Info.plist";
				IPHONEOS_DEPLOYMENT_TARGET = 5.1;
				PRODUCT_NAME = "$(TARGET_NAME)";
				WRAPPER_EXTENSION = app;
			};
			name = Release;
		};
/* End XCBuildConfiguration section */

/* Begin XCConfigurationList section */
		827E3EC715E5528200D30D96 /* Build configuration list for PBXProject "SinglySDK Example" */ = {
			isa = XCConfigurationList;
			buildConfigurations = (
				827E3EEC15E5528200D30D96 /* Debug */,
				827E3EED15E5528200D30D96 /* Release */,
			);
			defaultConfigurationIsVisible = 0;
			defaultConfigurationName = Release;
		};
		827E3EEE15E5528200D30D96 /* Build configuration list for PBXNativeTarget "SinglySDK Example" */ = {
			isa = XCConfigurationList;
			buildConfigurations = (
				827E3EEF15E5528200D30D96 /* Debug */,
				827E3EF015E5528200D30D96 /* Release */,
			);
			defaultConfigurationIsVisible = 0;
			defaultConfigurationName = Release;
		};
/* End XCConfigurationList section */
	};
	rootObject = 827E3EC415E5528200D30D96 /* Project object */;
}
