// !$*UTF8*$!
{
	archiveVersion = 1;
	classes = {
	};
	objectVersion = 46;
	objects = {

/* Begin PBXBuildFile section */
		8236EBD915EF226E00F3351E /* QuartzCore.framework in Frameworks */ = {isa = PBXBuildFile; fileRef = 8236EBD815EF226E00F3351E /* QuartzCore.framework */; };
		827E3ED215E5528200D30D96 /* UIKit.framework in Frameworks */ = {isa = PBXBuildFile; fileRef = 827E3ED115E5528200D30D96 /* UIKit.framework */; };
		827E3ED415E5528200D30D96 /* Foundation.framework in Frameworks */ = {isa = PBXBuildFile; fileRef = 827E3ED315E5528200D30D96 /* Foundation.framework */; };
		827E3ED615E5528200D30D96 /* CoreGraphics.framework in Frameworks */ = {isa = PBXBuildFile; fileRef = 827E3ED515E5528200D30D96 /* CoreGraphics.framework */; };
		827E3EDC15E5528200D30D96 /* InfoPlist.strings in Resources */ = {isa = PBXBuildFile; fileRef = 827E3EDA15E5528200D30D96 /* InfoPlist.strings */; };
		827E3EDE15E5528200D30D96 /* main.m in Sources */ = {isa = PBXBuildFile; fileRef = 827E3EDD15E5528200D30D96 /* main.m */; };
		827E3EE215E5528200D30D96 /* SinglyAppDelegate.m in Sources */ = {isa = PBXBuildFile; fileRef = 827E3EE115E5528200D30D96 /* SinglyAppDelegate.m */; };
		827E3EE515E5528200D30D96 /* MainStoryboard_iPhone.storyboard in Resources */ = {isa = PBXBuildFile; fileRef = 827E3EE315E5528200D30D96 /* MainStoryboard_iPhone.storyboard */; };
		827E3EE815E5528200D30D96 /* MainStoryboard_iPad.storyboard in Resources */ = {isa = PBXBuildFile; fileRef = 827E3EE615E5528200D30D96 /* MainStoryboard_iPad.storyboard */; };
		82B5FA711614B4B4009ADD27 /* Accounts.framework in Frameworks */ = {isa = PBXBuildFile; fileRef = 82B5FA701614B4B4009ADD27 /* Accounts.framework */; settings = {ATTRIBUTES = (Weak, ); }; };
		D003484B166671690048513A /* Security.framework in Frameworks */ = {isa = PBXBuildFile; fileRef = D0034848166671590048513A /* Security.framework */; };
		D0059059167A7A2700F1374D /* AddressBook.framework in Frameworks */ = {isa = PBXBuildFile; fileRef = D0059058167A7A2700F1374D /* AddressBook.framework */; };
		D0075FED161A215400F763A1 /* SinglyMainViewController.m in Sources */ = {isa = PBXBuildFile; fileRef = D0075FEC161A215400F763A1 /* SinglyMainViewController.m */; };
		D007BE21161B844200F694FF /* Default-568h@2x.png in Resources */ = {isa = PBXBuildFile; fileRef = D007BE20161B844200F694FF /* Default-568h@2x.png */; };
		D00D662B16C2BDD600746AA3 /* Defaults.plist in Resources */ = {isa = PBXBuildFile; fileRef = D00D662A16C2BDD600746AA3 /* Defaults.plist */; };
		D00D662D16C2BDF400746AA3 /* Settings.bundle in Resources */ = {isa = PBXBuildFile; fileRef = D00D662C16C2BDF400746AA3 /* Settings.bundle */; };
		D03BE92C161CA29D009D0341 /* libTestFlight.a in Frameworks */ = {isa = PBXBuildFile; fileRef = D03BE928161CA29D009D0341 /* libTestFlight.a */; };
		D03BE92D161CA29E009D0341 /* README.md in Resources */ = {isa = PBXBuildFile; fileRef = D03BE929161CA29D009D0341 /* README.md */; };
		D03BE92E161CA29E009D0341 /* release_notes.md in Resources */ = {isa = PBXBuildFile; fileRef = D03BE92A161CA29D009D0341 /* release_notes.md */; };
		D03BE930161CA43B009D0341 /* libz.dylib in Frameworks */ = {isa = PBXBuildFile; fileRef = D03BE92F161CA43B009D0341 /* libz.dylib */; };
		D06194F51638669E00A906F7 /* Social.framework in Frameworks */ = {isa = PBXBuildFile; fileRef = D06194F41638669E00A906F7 /* Social.framework */; settings = {ATTRIBUTES = (Weak, ); }; };
		D081F8691639B542000F63DA /* Icon-512.png in Resources */ = {isa = PBXBuildFile; fileRef = D081F8681639B542000F63DA /* Icon-512.png */; };
		D081F86B1639BCC1000F63DA /* Default.png in Resources */ = {isa = PBXBuildFile; fileRef = D081F86A1639BCC1000F63DA /* Default.png */; };
		D081F86D1639BCD4000F63DA /* Default@2x.png in Resources */ = {isa = PBXBuildFile; fileRef = D081F86C1639BCD4000F63DA /* Default@2x.png */; };
		D098EB821626155D00B2626C /* Icon-57.png in Resources */ = {isa = PBXBuildFile; fileRef = D098EB811626155D00B2626C /* Icon-57.png */; };
		D098EB851626156100B2626C /* Icon-114.png in Resources */ = {isa = PBXBuildFile; fileRef = D098EB841626156100B2626C /* Icon-114.png */; };
		D098EB871626156E00B2626C /* Icon-72.png in Resources */ = {isa = PBXBuildFile; fileRef = D098EB861626156E00B2626C /* Icon-72.png */; };
		D098EB891626157000B2626C /* Icon-144.png in Resources */ = {isa = PBXBuildFile; fileRef = D098EB881626157000B2626C /* Icon-144.png */; };
		D098EB8C1626181900B2626C /* Background@2x.png in Resources */ = {isa = PBXBuildFile; fileRef = D098EB8A1626181900B2626C /* Background@2x.png */; };
		D098EB8D1626181900B2626C /* Background.png in Resources */ = {isa = PBXBuildFile; fileRef = D098EB8B1626181900B2626C /* Background.png */; };
		D09B2DD1167FD87100C168C6 /* AddressBookUI.framework in Frameworks */ = {isa = PBXBuildFile; fileRef = D09B2DCE167FD85200C168C6 /* AddressBookUI.framework */; };
		D0D96E3616C5580900283404 /* Twitter.framework in Frameworks */ = {isa = PBXBuildFile; fileRef = D0D96E3516C5580900283404 /* Twitter.framework */; };
		D0E2C73E16375B7C00AAD565 /* SinglySDK.framework in Frameworks */ = {isa = PBXBuildFile; fileRef = D0E2C73D16375B7C00AAD565 /* SinglySDK.framework */; };
		D0E2C74016375BF300AAD565 /* SinglySDK.bundle in Resources */ = {isa = PBXBuildFile; fileRef = D0E2C73F16375BF300AAD565 /* SinglySDK.bundle */; };
/* End PBXBuildFile section */

/* Begin PBXFileReference section */
		8236EBD815EF226E00F3351E /* QuartzCore.framework */ = {isa = PBXFileReference; lastKnownFileType = wrapper.framework; name = QuartzCore.framework; path = System/Library/Frameworks/QuartzCore.framework; sourceTree = SDKROOT; };
		827E3ECD15E5528200D30D96 /* SinglySDK Example.app */ = {isa = PBXFileReference; explicitFileType = wrapper.application; includeInIndex = 0; path = "SinglySDK Example.app"; sourceTree = BUILT_PRODUCTS_DIR; };
		827E3ED115E5528200D30D96 /* UIKit.framework */ = {isa = PBXFileReference; lastKnownFileType = wrapper.framework; name = UIKit.framework; path = System/Library/Frameworks/UIKit.framework; sourceTree = SDKROOT; };
		827E3ED315E5528200D30D96 /* Foundation.framework */ = {isa = PBXFileReference; lastKnownFileType = wrapper.framework; name = Foundation.framework; path = System/Library/Frameworks/Foundation.framework; sourceTree = SDKROOT; };
		827E3ED515E5528200D30D96 /* CoreGraphics.framework */ = {isa = PBXFileReference; lastKnownFileType = wrapper.framework; name = CoreGraphics.framework; path = System/Library/Frameworks/CoreGraphics.framework; sourceTree = SDKROOT; };
		827E3ED915E5528200D30D96 /* SinglySDK Example-Info.plist */ = {isa = PBXFileReference; lastKnownFileType = text.plist.xml; path = "SinglySDK Example-Info.plist"; sourceTree = "<group>"; };
		827E3EDB15E5528200D30D96 /* en */ = {isa = PBXFileReference; lastKnownFileType = text.plist.strings; name = en; path = en.lproj/InfoPlist.strings; sourceTree = "<group>"; };
		827E3EDD15E5528200D30D96 /* main.m */ = {isa = PBXFileReference; lastKnownFileType = sourcecode.c.objc; path = main.m; sourceTree = "<group>"; };
		827E3EDF15E5528200D30D96 /* SinglySDK Example-Prefix.pch */ = {isa = PBXFileReference; lastKnownFileType = sourcecode.c.h; path = "SinglySDK Example-Prefix.pch"; sourceTree = "<group>"; };
		827E3EE015E5528200D30D96 /* SinglyAppDelegate.h */ = {isa = PBXFileReference; lastKnownFileType = sourcecode.c.h; path = SinglyAppDelegate.h; sourceTree = "<group>"; };
		827E3EE115E5528200D30D96 /* SinglyAppDelegate.m */ = {isa = PBXFileReference; lastKnownFileType = sourcecode.c.objc; path = SinglyAppDelegate.m; sourceTree = "<group>"; };
		827E3EE415E5528200D30D96 /* en */ = {isa = PBXFileReference; lastKnownFileType = file.storyboard; name = en; path = en.lproj/MainStoryboard_iPhone.storyboard; sourceTree = "<group>"; };
		827E3EE715E5528200D30D96 /* en */ = {isa = PBXFileReference; lastKnownFileType = file.storyboard; name = en; path = en.lproj/MainStoryboard_iPad.storyboard; sourceTree = "<group>"; };
		82B5FA701614B4B4009ADD27 /* Accounts.framework */ = {isa = PBXFileReference; lastKnownFileType = wrapper.framework; name = Accounts.framework; path = System/Library/Frameworks/Accounts.framework; sourceTree = SDKROOT; };
		D0034848166671590048513A /* Security.framework */ = {isa = PBXFileReference; lastKnownFileType = wrapper.framework; name = Security.framework; path = System/Library/Frameworks/Security.framework; sourceTree = SDKROOT; };
		D0059058167A7A2700F1374D /* AddressBook.framework */ = {isa = PBXFileReference; lastKnownFileType = wrapper.framework; name = AddressBook.framework; path = System/Library/Frameworks/AddressBook.framework; sourceTree = SDKROOT; };
		D0075FEB161A215400F763A1 /* SinglyMainViewController.h */ = {isa = PBXFileReference; fileEncoding = 4; lastKnownFileType = sourcecode.c.h; path = SinglyMainViewController.h; sourceTree = "<group>"; };
		D0075FEC161A215400F763A1 /* SinglyMainViewController.m */ = {isa = PBXFileReference; fileEncoding = 4; lastKnownFileType = sourcecode.c.objc; path = SinglyMainViewController.m; sourceTree = "<group>"; };
		D007BE20161B844200F694FF /* Default-568h@2x.png */ = {isa = PBXFileReference; lastKnownFileType = image.png; name = "Default-568h@2x.png"; path = "../Default-568h@2x.png"; sourceTree = "<group>"; };
		D00D662A16C2BDD600746AA3 /* Defaults.plist */ = {isa = PBXFileReference; fileEncoding = 4; lastKnownFileType = text.plist.xml; path = Defaults.plist; sourceTree = "<group>"; };
		D00D662C16C2BDF400746AA3 /* Settings.bundle */ = {isa = PBXFileReference; lastKnownFileType = "wrapper.plug-in"; path = Settings.bundle; sourceTree = "<group>"; };
		D03BE928161CA29D009D0341 /* libTestFlight.a */ = {isa = PBXFileReference; lastKnownFileType = archive.ar; path = libTestFlight.a; sourceTree = "<group>"; };
		D03BE929161CA29D009D0341 /* README.md */ = {isa = PBXFileReference; fileEncoding = 4; lastKnownFileType = text; path = README.md; sourceTree = "<group>"; };
		D03BE92A161CA29D009D0341 /* release_notes.md */ = {isa = PBXFileReference; fileEncoding = 4; lastKnownFileType = text; path = release_notes.md; sourceTree = "<group>"; };
		D03BE92B161CA29D009D0341 /* TestFlight.h */ = {isa = PBXFileReference; fileEncoding = 4; lastKnownFileType = sourcecode.c.h; path = TestFlight.h; sourceTree = "<group>"; };
		D03BE92F161CA43B009D0341 /* libz.dylib */ = {isa = PBXFileReference; lastKnownFileType = "compiled.mach-o.dylib"; name = libz.dylib; path = usr/lib/libz.dylib; sourceTree = SDKROOT; };
		D06194F41638669E00A906F7 /* Social.framework */ = {isa = PBXFileReference; lastKnownFileType = wrapper.framework; name = Social.framework; path = System/Library/Frameworks/Social.framework; sourceTree = SDKROOT; };
		D081F8681639B542000F63DA /* Icon-512.png */ = {isa = PBXFileReference; lastKnownFileType = image.png; path = "Icon-512.png"; sourceTree = "<group>"; };
		D081F86A1639BCC1000F63DA /* Default.png */ = {isa = PBXFileReference; lastKnownFileType = image.png; name = Default.png; path = ../Default.png; sourceTree = "<group>"; };
		D081F86C1639BCD4000F63DA /* Default@2x.png */ = {isa = PBXFileReference; lastKnownFileType = image.png; name = "Default@2x.png"; path = "../Default@2x.png"; sourceTree = "<group>"; };
		D098EB811626155D00B2626C /* Icon-57.png */ = {isa = PBXFileReference; lastKnownFileType = image.png; name = "Icon-57.png"; path = "../Icon-57.png"; sourceTree = "<group>"; };
		D098EB841626156100B2626C /* Icon-114.png */ = {isa = PBXFileReference; lastKnownFileType = image.png; name = "Icon-114.png"; path = "../Icon-114.png"; sourceTree = "<group>"; };
		D098EB861626156E00B2626C /* Icon-72.png */ = {isa = PBXFileReference; lastKnownFileType = image.png; name = "Icon-72.png"; path = "../Icon-72.png"; sourceTree = "<group>"; };
		D098EB881626157000B2626C /* Icon-144.png */ = {isa = PBXFileReference; lastKnownFileType = image.png; name = "Icon-144.png"; path = "../Icon-144.png"; sourceTree = "<group>"; };
		D098EB8A1626181900B2626C /* Background@2x.png */ = {isa = PBXFileReference; lastKnownFileType = image.png; path = "Background@2x.png"; sourceTree = "<group>"; };
		D098EB8B1626181900B2626C /* Background.png */ = {isa = PBXFileReference; lastKnownFileType = image.png; path = Background.png; sourceTree = "<group>"; };
		D09A2D5117A7FF570026002A /* TestFlight+AsyncLogging.h */ = {isa = PBXFileReference; lastKnownFileType = sourcecode.c.h; path = "TestFlight+AsyncLogging.h"; sourceTree = "<group>"; };
		D09A2D5217A7FF570026002A /* TestFlight+ManualSessions.h */ = {isa = PBXFileReference; lastKnownFileType = sourcecode.c.h; path = "TestFlight+ManualSessions.h"; sourceTree = "<group>"; };
		D09B2DCE167FD85200C168C6 /* AddressBookUI.framework */ = {isa = PBXFileReference; lastKnownFileType = wrapper.framework; name = AddressBookUI.framework; path = System/Library/Frameworks/AddressBookUI.framework; sourceTree = SDKROOT; };
		D0D80B911628A6F7006F7B90 /* SinglyConfiguration.h */ = {isa = PBXFileReference; fileEncoding = 4; lastKnownFileType = sourcecode.c.h; path = SinglyConfiguration.h; sourceTree = "<group>"; };
		D0D96E3516C5580900283404 /* Twitter.framework */ = {isa = PBXFileReference; lastKnownFileType = wrapper.framework; name = Twitter.framework; path = System/Library/Frameworks/Twitter.framework; sourceTree = SDKROOT; };
		D0E2C73D16375B7C00AAD565 /* SinglySDK.framework */ = {isa = PBXFileReference; lastKnownFileType = wrapper.framework; name = SinglySDK.framework; path = "../../../../../../../../Projects/Singly/Source/iOS-SDK/SinglySDK/build/Release-iphoneos/SinglySDK.framework"; sourceTree = BUILT_PRODUCTS_DIR; };
		D0E2C73F16375BF300AAD565 /* SinglySDK.bundle */ = {isa = PBXFileReference; explicitFileType = wrapper.cfbundle; path = SinglySDK.bundle; sourceTree = BUILT_PRODUCTS_DIR; };
/* End PBXFileReference section */

/* Begin PBXFrameworksBuildPhase section */
		827E3ECA15E5528200D30D96 /* Frameworks */ = {
			isa = PBXFrameworksBuildPhase;
			buildActionMask = 2147483647;
			files = (
				82B5FA711614B4B4009ADD27 /* Accounts.framework in Frameworks */,
				D0059059167A7A2700F1374D /* AddressBook.framework in Frameworks */,
				D09B2DD1167FD87100C168C6 /* AddressBookUI.framework in Frameworks */,
				827E3ED615E5528200D30D96 /* CoreGraphics.framework in Frameworks */,
				827E3ED415E5528200D30D96 /* Foundation.framework in Frameworks */,
				8236EBD915EF226E00F3351E /* QuartzCore.framework in Frameworks */,
				D003484B166671690048513A /* Security.framework in Frameworks */,
				D0E2C73E16375B7C00AAD565 /* SinglySDK.framework in Frameworks */,
				D06194F51638669E00A906F7 /* Social.framework in Frameworks */,
				D0D96E3616C5580900283404 /* Twitter.framework in Frameworks */,
				827E3ED215E5528200D30D96 /* UIKit.framework in Frameworks */,
				D03BE930161CA43B009D0341 /* libz.dylib in Frameworks */,
				D03BE92C161CA29D009D0341 /* libTestFlight.a in Frameworks */,
			);
			runOnlyForDeploymentPostprocessing = 0;
		};
/* End PBXFrameworksBuildPhase section */

/* Begin PBXGroup section */
		82055172160B7A6E00F06D13 /* Resources */ = {
			isa = PBXGroup;
			children = (
				D098EB8A1626181900B2626C /* Background@2x.png */,
				D098EB8B1626181900B2626C /* Background.png */,
				D098EB881626157000B2626C /* Icon-144.png */,
				D098EB861626156E00B2626C /* Icon-72.png */,
				D098EB841626156100B2626C /* Icon-114.png */,
				D098EB811626155D00B2626C /* Icon-57.png */,
				D081F8681639B542000F63DA /* Icon-512.png */,
				D081F86A1639BCC1000F63DA /* Default.png */,
				D081F86C1639BCD4000F63DA /* Default@2x.png */,
				D007BE20161B844200F694FF /* Default-568h@2x.png */,
				D00D662A16C2BDD600746AA3 /* Defaults.plist */,
				D00D662C16C2BDF400746AA3 /* Settings.bundle */,
			);
			name = Resources;
			sourceTree = "<group>";
		};
		827E3EC215E5528200D30D96 = {
			isa = PBXGroup;
			children = (
				827E3ED715E5528200D30D96 /* SinglySDK Example */,
				827E3ED015E5528200D30D96 /* Frameworks */,
				827E3ECE15E5528200D30D96 /* Products */,
			);
			indentWidth = 4;
			sourceTree = "<group>";
			tabWidth = 4;
		};
		827E3ECE15E5528200D30D96 /* Products */ = {
			isa = PBXGroup;
			children = (
				827E3ECD15E5528200D30D96 /* SinglySDK Example.app */,
			);
			name = Products;
			sourceTree = "<group>";
		};
		827E3ED015E5528200D30D96 /* Frameworks */ = {
			isa = PBXGroup;
			children = (
				D06F5BD11627717C00696740 /* Other Frameworks */,
				D0E2C73F16375BF300AAD565 /* SinglySDK.bundle */,
				D0E2C73D16375B7C00AAD565 /* SinglySDK.framework */,
			);
			name = Frameworks;
			sourceTree = "<group>";
		};
		827E3ED715E5528200D30D96 /* SinglySDK Example */ = {
			isa = PBXGroup;
			children = (
				827E3EE015E5528200D30D96 /* SinglyAppDelegate.h */,
				827E3EE115E5528200D30D96 /* SinglyAppDelegate.m */,
				D0075FEB161A215400F763A1 /* SinglyMainViewController.h */,
				D0075FEC161A215400F763A1 /* SinglyMainViewController.m */,
				D0D80B911628A6F7006F7B90 /* SinglyConfiguration.h */,
				827E3EE315E5528200D30D96 /* MainStoryboard_iPhone.storyboard */,
				827E3EE615E5528200D30D96 /* MainStoryboard_iPad.storyboard */,
				82055172160B7A6E00F06D13 /* Resources */,
				827E3ED815E5528200D30D96 /* Supporting Files */,
				D03BE926161CA29D009D0341 /* Libraries */,
			);
			path = "SinglySDK Example";
			sourceTree = "<group>";
		};
		827E3ED815E5528200D30D96 /* Supporting Files */ = {
			isa = PBXGroup;
			children = (
				827E3ED915E5528200D30D96 /* SinglySDK Example-Info.plist */,
				827E3EDF15E5528200D30D96 /* SinglySDK Example-Prefix.pch */,
				827E3EDA15E5528200D30D96 /* InfoPlist.strings */,
				827E3EDD15E5528200D30D96 /* main.m */,
			);
			name = "Supporting Files";
			sourceTree = "<group>";
		};
		D03BE926161CA29D009D0341 /* Libraries */ = {
			isa = PBXGroup;
			children = (
				D03BE927161CA29D009D0341 /* TestFlight SDK */,
			);
			path = Libraries;
			sourceTree = SOURCE_ROOT;
		};
		D03BE927161CA29D009D0341 /* TestFlight SDK */ = {
			isa = PBXGroup;
			children = (
				D03BE928161CA29D009D0341 /* libTestFlight.a */,
				D03BE929161CA29D009D0341 /* README.md */,
				D03BE92A161CA29D009D0341 /* release_notes.md */,
				D03BE92B161CA29D009D0341 /* TestFlight.h */,
				D09A2D5117A7FF570026002A /* TestFlight+AsyncLogging.h */,
				D09A2D5217A7FF570026002A /* TestFlight+ManualSessions.h */,
			);
			name = "TestFlight SDK";
			path = TestFlightSDK;
			sourceTree = "<group>";
		};
		D06F5BD11627717C00696740 /* Other Frameworks */ = {
			isa = PBXGroup;
			children = (
				82B5FA701614B4B4009ADD27 /* Accounts.framework */,
				D0059058167A7A2700F1374D /* AddressBook.framework */,
				D09B2DCE167FD85200C168C6 /* AddressBookUI.framework */,
				827E3ED515E5528200D30D96 /* CoreGraphics.framework */,
				827E3ED315E5528200D30D96 /* Foundation.framework */,
				8236EBD815EF226E00F3351E /* QuartzCore.framework */,
				D0034848166671590048513A /* Security.framework */,
				D06194F41638669E00A906F7 /* Social.framework */,
				D0D96E3516C5580900283404 /* Twitter.framework */,
				827E3ED115E5528200D30D96 /* UIKit.framework */,
				D03BE92F161CA43B009D0341 /* libz.dylib */,
			);
			name = "Other Frameworks";
			sourceTree = "<group>";
		};
/* End PBXGroup section */

/* Begin PBXNativeTarget section */
		827E3ECC15E5528200D30D96 /* SinglySDK Example */ = {
			isa = PBXNativeTarget;
			buildConfigurationList = 827E3EEE15E5528200D30D96 /* Build configuration list for PBXNativeTarget "SinglySDK Example" */;
			buildPhases = (
				827E3EC915E5528200D30D96 /* Sources */,
				827E3ECA15E5528200D30D96 /* Frameworks */,
				827E3ECB15E5528200D30D96 /* Resources */,
			);
			buildRules = (
			);
			dependencies = (
			);
			name = "SinglySDK Example";
			productName = "SinglySDK Example";
			productReference = 827E3ECD15E5528200D30D96 /* SinglySDK Example.app */;
			productType = "com.apple.product-type.application";
		};
/* End PBXNativeTarget section */

/* Begin PBXProject section */
		827E3EC415E5528200D30D96 /* Project object */ = {
			isa = PBXProject;
			attributes = {
				CLASSPREFIX = Singly;
				LastUpgradeCheck = 0500;
				ORGANIZATIONNAME = "Singly, Inc";
				TargetAttributes = {
					827E3ECC15E5528200D30D96 = {
						DevelopmentTeam = A62SQJDVJQ;
					};
				};
			};
			buildConfigurationList = 827E3EC715E5528200D30D96 /* Build configuration list for PBXProject "SinglySDK Example" */;
			compatibilityVersion = "Xcode 3.2";
			developmentRegion = English;
			hasScannedForEncodings = 0;
			knownRegions = (
				en,
			);
			mainGroup = 827E3EC215E5528200D30D96;
			productRefGroup = 827E3ECE15E5528200D30D96 /* Products */;
			projectDirPath = "";
			projectRoot = "";
			targets = (
				827E3ECC15E5528200D30D96 /* SinglySDK Example */,
			);
		};
/* End PBXProject section */

/* Begin PBXResourcesBuildPhase section */
		827E3ECB15E5528200D30D96 /* Resources */ = {
			isa = PBXResourcesBuildPhase;
			buildActionMask = 2147483647;
			files = (
				827E3EDC15E5528200D30D96 /* InfoPlist.strings in Resources */,
				827E3EE515E5528200D30D96 /* MainStoryboard_iPhone.storyboard in Resources */,
				827E3EE815E5528200D30D96 /* MainStoryboard_iPad.storyboard in Resources */,
				D007BE21161B844200F694FF /* Default-568h@2x.png in Resources */,
				D03BE92D161CA29E009D0341 /* README.md in Resources */,
				D03BE92E161CA29E009D0341 /* release_notes.md in Resources */,
				D098EB821626155D00B2626C /* Icon-57.png in Resources */,
				D098EB851626156100B2626C /* Icon-114.png in Resources */,
				D098EB871626156E00B2626C /* Icon-72.png in Resources */,
				D098EB891626157000B2626C /* Icon-144.png in Resources */,
				D098EB8C1626181900B2626C /* Background@2x.png in Resources */,
				D098EB8D1626181900B2626C /* Background.png in Resources */,
				D0E2C74016375BF300AAD565 /* SinglySDK.bundle in Resources */,
				D081F8691639B542000F63DA /* Icon-512.png in Resources */,
				D081F86B1639BCC1000F63DA /* Default.png in Resources */,
				D081F86D1639BCD4000F63DA /* Default@2x.png in Resources */,
				D00D662B16C2BDD600746AA3 /* Defaults.plist in Resources */,
				D00D662D16C2BDF400746AA3 /* Settings.bundle in Resources */,
			);
			runOnlyForDeploymentPostprocessing = 0;
		};
/* End PBXResourcesBuildPhase section */

/* Begin PBXSourcesBuildPhase section */
		827E3EC915E5528200D30D96 /* Sources */ = {
			isa = PBXSourcesBuildPhase;
			buildActionMask = 2147483647;
			files = (
				827E3EDE15E5528200D30D96 /* main.m in Sources */,
				827E3EE215E5528200D30D96 /* SinglyAppDelegate.m in Sources */,
				D0075FED161A215400F763A1 /* SinglyMainViewController.m in Sources */,
			);
			runOnlyForDeploymentPostprocessing = 0;
		};
/* End PBXSourcesBuildPhase section */

/* Begin PBXVariantGroup section */
		827E3EDA15E5528200D30D96 /* InfoPlist.strings */ = {
			isa = PBXVariantGroup;
			children = (
				827E3EDB15E5528200D30D96 /* en */,
			);
			name = InfoPlist.strings;
			sourceTree = "<group>";
		};
		827E3EE315E5528200D30D96 /* MainStoryboard_iPhone.storyboard */ = {
			isa = PBXVariantGroup;
			children = (
				827E3EE415E5528200D30D96 /* en */,
			);
			name = MainStoryboard_iPhone.storyboard;
			sourceTree = "<group>";
		};
		827E3EE615E5528200D30D96 /* MainStoryboard_iPad.storyboard */ = {
			isa = PBXVariantGroup;
			children = (
				827E3EE715E5528200D30D96 /* en */,
			);
			name = MainStoryboard_iPad.storyboard;
			sourceTree = "<group>";
		};
/* End PBXVariantGroup section */

/* Begin XCBuildConfiguration section */
		827E3EEC15E5528200D30D96 /* Debug */ = {
			isa = XCBuildConfiguration;
			buildSettings = {
				ALWAYS_SEARCH_USER_PATHS = NO;
				CLANG_CXX_LANGUAGE_STANDARD = "gnu++0x";
				CLANG_ENABLE_OBJC_ARC = YES;
				CLANG_WARN_BOOL_CONVERSION = YES;
				CLANG_WARN_CONSTANT_CONVERSION = YES;
				CLANG_WARN_EMPTY_BODY = YES;
				CLANG_WARN_ENUM_CONVERSION = YES;
				CLANG_WARN_INT_CONVERSION = YES;
				CLANG_WARN__DUPLICATE_METHOD_MATCH = YES;
				"CODE_SIGN_IDENTITY[sdk=iphoneos*]" = "iPhone Developer";
				COPY_PHASE_STRIP = NO;
				GCC_C_LANGUAGE_STANDARD = gnu99;
				GCC_DYNAMIC_NO_PIC = NO;
				GCC_OPTIMIZATION_LEVEL = 0;
				GCC_PREPROCESSOR_DEFINITIONS = "DEBUG=1";
				GCC_SYMBOLS_PRIVATE_EXTERN = NO;
				GCC_VERSION = com.apple.compilers.llvm.clang.1_0;
				GCC_WARN_ABOUT_RETURN_TYPE = YES;
				GCC_WARN_UNDECLARED_SELECTOR = YES;
				GCC_WARN_UNINITIALIZED_AUTOS = YES;
				GCC_WARN_UNUSED_FUNCTION = YES;
				GCC_WARN_UNUSED_VARIABLE = YES;
				IPHONEOS_DEPLOYMENT_TARGET = 5.0;
				ONLY_ACTIVE_ARCH = YES;
				SDKROOT = iphoneos;
				TARGETED_DEVICE_FAMILY = "1,2";
			};
			name = Debug;
		};
		827E3EED15E5528200D30D96 /* Release */ = {
			isa = XCBuildConfiguration;
			buildSettings = {
				ALWAYS_SEARCH_USER_PATHS = NO;
				CLANG_CXX_LANGUAGE_STANDARD = "gnu++0x";
				CLANG_ENABLE_OBJC_ARC = YES;
				CLANG_WARN_BOOL_CONVERSION = YES;
				CLANG_WARN_CONSTANT_CONVERSION = YES;
				CLANG_WARN_EMPTY_BODY = YES;
				CLANG_WARN_ENUM_CONVERSION = YES;
				CLANG_WARN_INT_CONVERSION = YES;
				CLANG_WARN__DUPLICATE_METHOD_MATCH = YES;
				"CODE_SIGN_IDENTITY[sdk=iphoneos*]" = "iPhone Developer";
				COPY_PHASE_STRIP = YES;
				GCC_C_LANGUAGE_STANDARD = gnu99;
				GCC_VERSION = com.apple.compilers.llvm.clang.1_0;
				GCC_WARN_ABOUT_RETURN_TYPE = YES;
				GCC_WARN_UNDECLARED_SELECTOR = YES;
				GCC_WARN_UNINITIALIZED_AUTOS = YES;
				GCC_WARN_UNUSED_FUNCTION = YES;
				GCC_WARN_UNUSED_VARIABLE = YES;
				IPHONEOS_DEPLOYMENT_TARGET = 5.0;
				OTHER_CFLAGS = "-DNS_BLOCK_ASSERTIONS=1";
				SDKROOT = iphoneos;
				TARGETED_DEVICE_FAMILY = "1,2";
				VALIDATE_PRODUCT = YES;
			};
			name = Release;
		};
		827E3EEF15E5528200D30D96 /* Debug */ = {
			isa = XCBuildConfiguration;
			buildSettings = {
				CODE_SIGN_IDENTITY = "iPhone Developer";
				"CODE_SIGN_IDENTITY[sdk=iphoneos*]" = "iPhone Developer";
				GCC_PRECOMPILE_PREFIX_HEADER = YES;
				GCC_PREFIX_HEADER = "SinglySDK Example/SinglySDK Example-Prefix.pch";
				INFOPLIST_FILE = "SinglySDK Example/SinglySDK Example-Info.plist";
				IPHONEOS_DEPLOYMENT_TARGET = 5.0;
				LIBRARY_SEARCH_PATHS = (
					"$(inherited)",
					"\"$(SRCROOT)/Libraries/TestFlightSDK\"",
				);
				PRODUCT_NAME = "$(TARGET_NAME)";
				PROVISIONING_PROFILE = "";
				WRAPPER_EXTENSION = app;
			};
			name = Debug;
		};
		827E3EF015E5528200D30D96 /* Release */ = {
			isa = XCBuildConfiguration;
			buildSettings = {
				CODE_SIGN_IDENTITY = "iPhone Developer";
				"CODE_SIGN_IDENTITY[sdk=iphoneos*]" = "iPhone Developer";
				GCC_PRECOMPILE_PREFIX_HEADER = YES;
				GCC_PREFIX_HEADER = "SinglySDK Example/SinglySDK Example-Prefix.pch";
				INFOPLIST_FILE = "SinglySDK Example/SinglySDK Example-Info.plist";
				IPHONEOS_DEPLOYMENT_TARGET = 5.0;
				LIBRARY_SEARCH_PATHS = (
					"$(inherited)",
					"\"$(SRCROOT)/Libraries/TestFlightSDK\"",
				);
				PRODUCT_NAME = "$(TARGET_NAME)";
				PROVISIONING_PROFILE = "";
				WRAPPER_EXTENSION = app;
			};
			name = Release;
		};
		D06D8DCC1652D7CE00E8750C /* Example */ = {
			isa = XCBuildConfiguration;
			buildSettings = {
				ALWAYS_SEARCH_USER_PATHS = NO;
				CLANG_CXX_LANGUAGE_STANDARD = "gnu++0x";
				CLANG_ENABLE_OBJC_ARC = YES;
				CLANG_WARN_BOOL_CONVERSION = YES;
				CLANG_WARN_CONSTANT_CONVERSION = YES;
				CLANG_WARN_EMPTY_BODY = YES;
				CLANG_WARN_ENUM_CONVERSION = YES;
				CLANG_WARN_INT_CONVERSION = YES;
				CLANG_WARN__DUPLICATE_METHOD_MATCH = YES;
				"CODE_SIGN_IDENTITY[sdk=iphoneos*]" = "iPhone Developer";
				COPY_PHASE_STRIP = YES;
				GCC_C_LANGUAGE_STANDARD = gnu99;
				GCC_PREPROCESSOR_DEFINITIONS = "DEBUG=1";
				GCC_VERSION = com.apple.compilers.llvm.clang.1_0;
				GCC_WARN_ABOUT_RETURN_TYPE = YES;
				GCC_WARN_UNDECLARED_SELECTOR = YES;
				GCC_WARN_UNINITIALIZED_AUTOS = YES;
				GCC_WARN_UNUSED_FUNCTION = YES;
				GCC_WARN_UNUSED_VARIABLE = YES;
				IPHONEOS_DEPLOYMENT_TARGET = 5.0;
				OTHER_CFLAGS = "-DNS_BLOCK_ASSERTIONS=1";
				SDKROOT = iphoneos;
				TARGETED_DEVICE_FAMILY = "1,2";
				VALIDATE_PRODUCT = YES;
			};
			name = Example;
		};
		D06D8DCD1652D7CE00E8750C /* Example */ = {
			isa = XCBuildConfiguration;
			buildSettings = {
				CODE_SIGN_IDENTITY = "iPhone Developer";
				"CODE_SIGN_IDENTITY[sdk=iphoneos*]" = "iPhone Developer";
				GCC_PRECOMPILE_PREFIX_HEADER = YES;
				GCC_PREFIX_HEADER = "SinglySDK Example/SinglySDK Example-Prefix.pch";
				INFOPLIST_FILE = "SinglySDK Example/SinglySDK Example-Info.plist";
				IPHONEOS_DEPLOYMENT_TARGET = 5.0;
				LIBRARY_SEARCH_PATHS = (
					"$(inherited)",
					"\"$(SRCROOT)/Libraries/TestFlightSDK\"",
				);
				PRODUCT_NAME = "$(TARGET_NAME)";
				PROVISIONING_PROFILE = "";
				WRAPPER_EXTENSION = app;
			};
			name = Example;
		};
/* End XCBuildConfiguration section */

/* Begin XCConfigurationList section */
		827E3EC715E5528200D30D96 /* Build configuration list for PBXProject "SinglySDK Example" */ = {
			isa = XCConfigurationList;
			buildConfigurations = (
				827E3EEC15E5528200D30D96 /* Debug */,
				827E3EED15E5528200D30D96 /* Release */,
				D06D8DCC1652D7CE00E8750C /* Example */,
			);
			defaultConfigurationIsVisible = 0;
			defaultConfigurationName = Example;
		};
		827E3EEE15E5528200D30D96 /* Build configuration list for PBXNativeTarget "SinglySDK Example" */ = {
			isa = XCConfigurationList;
			buildConfigurations = (
				827E3EEF15E5528200D30D96 /* Debug */,
				827E3EF015E5528200D30D96 /* Release */,
				D06D8DCD1652D7CE00E8750C /* Example */,
			);
			defaultConfigurationIsVisible = 0;
			defaultConfigurationName = Example;
		};
/* End XCConfigurationList section */
	};
	rootObject = 827E3EC415E5528200D30D96 /* Project object */;
}
