// !$*UTF8*$!
{
	archiveVersion = 1;
	classes = {
	};
	objectVersion = 46;
	objects = {

/* Begin PBXBuildFile section */
		821D088E15ED17B000ECFED0 /* SinglyLoginViewController.m in Sources */ = {isa = PBXBuildFile; fileRef = 821D088615ED17B000ECFED0 /* SinglyLoginViewController.m */; };
		821D089215ED17B000ECFED0 /* SinglySession.m in Sources */ = {isa = PBXBuildFile; fileRef = 821D088A15ED17B000ECFED0 /* SinglySession.m */; };
		8236EBDE15EFE79E00F3351E /* SinglyFriendPickerViewController.m in Sources */ = {isa = PBXBuildFile; fileRef = 8236EBDC15EFE79E00F3351E /* SinglyFriendPickerViewController.m */; };
		825B6D95161C99EF0034DB92 /* NSString+URLEncoded.m in Sources */ = {isa = PBXBuildFile; fileRef = 825B6D93161C99EF0034DB92 /* NSString+URLEncoded.m */; };
		82CAD78C15EEB0B300D3E486 /* SinglyLoginPickerViewController.m in Sources */ = {isa = PBXBuildFile; fileRef = 82CAD78A15EEB0B300D3E486 /* SinglyLoginPickerViewController.m */; };
		D00348381665322D0048513A /* SinglyRequest+Internal.h in Headers */ = {isa = PBXBuildFile; fileRef = D00348371665322D0048513A /* SinglyRequest+Internal.h */; };
		D003483B16666C8B0048513A /* SinglyKeychainItemWrapper.h in Headers */ = {isa = PBXBuildFile; fileRef = D003483916666C8B0048513A /* SinglyKeychainItemWrapper.h */; };
		D003483C16666C8B0048513A /* SinglyKeychainItemWrapper.h in Headers */ = {isa = PBXBuildFile; fileRef = D003483916666C8B0048513A /* SinglyKeychainItemWrapper.h */; };
		D003483D16666C8B0048513A /* SinglyKeychainItemWrapper.m in Sources */ = {isa = PBXBuildFile; fileRef = D003483A16666C8B0048513A /* SinglyKeychainItemWrapper.m */; };
		D003483E16666C8B0048513A /* SinglyKeychainItemWrapper.m in Sources */ = {isa = PBXBuildFile; fileRef = D003483A16666C8B0048513A /* SinglyKeychainItemWrapper.m */; };
		D003484116666ED50048513A /* Security.framework in Frameworks */ = {isa = PBXBuildFile; fileRef = D003483F16666E650048513A /* Security.framework */; };
		D003484716666EFE0048513A /* UIKit.framework in Frameworks */ = {isa = PBXBuildFile; fileRef = D02B538116309C7700F1F535 /* UIKit.framework */; };
		D00348541666B56F0048513A /* SinglySession+Internal.h in Headers */ = {isa = PBXBuildFile; fileRef = D00348531666B56F0048513A /* SinglySession+Internal.h */; };
		D00348551666B56F0048513A /* SinglySession+Internal.h in Headers */ = {isa = PBXBuildFile; fileRef = D00348531666B56F0048513A /* SinglySession+Internal.h */; };
		D021CBC8162DB7D800DE9922 /* SinglyLoginPickerServiceCell.m in Sources */ = {isa = PBXBuildFile; fileRef = D021CBC6162DB7D800DE9922 /* SinglyLoginPickerServiceCell.m */; };
		D02B537216309C7700F1F535 /* Foundation.framework in Frameworks */ = {isa = PBXBuildFile; fileRef = D02B537116309C7700F1F535 /* Foundation.framework */; };
		D02B539616309CDF00F1F535 /* NSString+URLEncoded.m in Sources */ = {isa = PBXBuildFile; fileRef = 825B6D93161C99EF0034DB92 /* NSString+URLEncoded.m */; };
		D02B539716309CE200F1F535 /* UIViewController+Modal.m in Sources */ = {isa = PBXBuildFile; fileRef = D08B3EE5162DF3E3009001D5 /* UIViewController+Modal.m */; };
		D02B539C16309DB900F1F535 /* SinglySDK.h in Headers */ = {isa = PBXBuildFile; fileRef = 821D088715ED17B000ECFED0 /* SinglySDK.h */; settings = {ATTRIBUTES = (Public, ); }; };
		D02B539D16309DBE00F1F535 /* NSString+URLEncoded.h in Headers */ = {isa = PBXBuildFile; fileRef = 825B6D92161C99EF0034DB92 /* NSString+URLEncoded.h */; };
		D02B539E16309DC500F1F535 /* UIViewController+Modal.h in Headers */ = {isa = PBXBuildFile; fileRef = D08B3EE4162DF3E3009001D5 /* UIViewController+Modal.h */; };
		D02B539F16309DCA00F1F535 /* SinglySession.h in Headers */ = {isa = PBXBuildFile; fileRef = 821D088915ED17B000ECFED0 /* SinglySession.h */; settings = {ATTRIBUTES = (Public, ); }; };
		D02B53A016309DD100F1F535 /* SinglySession.m in Sources */ = {isa = PBXBuildFile; fileRef = 821D088A15ED17B000ECFED0 /* SinglySession.m */; };
		D02B53A116309DD300F1F535 /* SinglyLoginViewController.h in Headers */ = {isa = PBXBuildFile; fileRef = 821D088515ED17B000ECFED0 /* SinglyLoginViewController.h */; settings = {ATTRIBUTES = (Public, ); }; };
		D02B53A216309DD600F1F535 /* SinglyLoginViewController.m in Sources */ = {isa = PBXBuildFile; fileRef = 821D088615ED17B000ECFED0 /* SinglyLoginViewController.m */; };
		D02B53A316309DDB00F1F535 /* SinglyLoginPickerViewController.h in Headers */ = {isa = PBXBuildFile; fileRef = 82CAD78915EEB0B300D3E486 /* SinglyLoginPickerViewController.h */; settings = {ATTRIBUTES = (Public, ); }; };
		D02B53A416309DDF00F1F535 /* SinglyLoginPickerViewController.m in Sources */ = {isa = PBXBuildFile; fileRef = 82CAD78A15EEB0B300D3E486 /* SinglyLoginPickerViewController.m */; };
		D02B53A516309DE100F1F535 /* SinglyLoginPickerServiceCell.h in Headers */ = {isa = PBXBuildFile; fileRef = D021CBC5162DB7D800DE9922 /* SinglyLoginPickerServiceCell.h */; settings = {ATTRIBUTES = (Public, ); }; };
		D02B53A616309DE400F1F535 /* SinglyLoginPickerServiceCell.m in Sources */ = {isa = PBXBuildFile; fileRef = D021CBC6162DB7D800DE9922 /* SinglyLoginPickerServiceCell.m */; };
		D02B53A916309DF500F1F535 /* SinglyFriendPickerViewController.h in Headers */ = {isa = PBXBuildFile; fileRef = 8236EBDB15EFE79E00F3351E /* SinglyFriendPickerViewController.h */; settings = {ATTRIBUTES = (Public, ); }; };
		D02B53AA16309DF900F1F535 /* SinglyFriendPickerViewController.m in Sources */ = {isa = PBXBuildFile; fileRef = 8236EBDC15EFE79E00F3351E /* SinglyFriendPickerViewController.m */; };
		D02B53AB16309DFE00F1F535 /* SinglyFriendPickerCell.h in Headers */ = {isa = PBXBuildFile; fileRef = D06830B91624BAFC00F398A6 /* SinglyFriendPickerCell.h */; settings = {ATTRIBUTES = (Public, ); }; };
		D02B53AC16309E0100F1F535 /* SinglyFriendPickerCell.m in Sources */ = {isa = PBXBuildFile; fileRef = D06830BA1624BAFC00F398A6 /* SinglyFriendPickerCell.m */; };
		D02B53DB1630A31600F1F535 /* SinglyConstants.h in Headers */ = {isa = PBXBuildFile; fileRef = D02B53D91630A31600F1F535 /* SinglyConstants.h */; settings = {ATTRIBUTES = (Public, ); }; };
		D02B540B1630A99A00F1F535 /* SinglySDK.h in Headers */ = {isa = PBXBuildFile; fileRef = 821D088715ED17B000ECFED0 /* SinglySDK.h */; settings = {ATTRIBUTES = (Public, ); }; };
		D02B540C1630AA4700F1F535 /* SinglyConstants.h in Headers */ = {isa = PBXBuildFile; fileRef = D02B53D91630A31600F1F535 /* SinglyConstants.h */; settings = {ATTRIBUTES = (Public, ); }; };
		D053EF9016271BC9008B8BA1 /* SenTestingKit.framework in Frameworks */ = {isa = PBXBuildFile; fileRef = D053EF8F16271BC9008B8BA1 /* SenTestingKit.framework */; };
		D053EF9A16271BC9008B8BA1 /* InfoPlist.strings in Resources */ = {isa = PBXBuildFile; fileRef = D053EF9816271BC9008B8BA1 /* InfoPlist.strings */; };
		D053EF9D16271BC9008B8BA1 /* SinglySDKTests.m in Sources */ = {isa = PBXBuildFile; fileRef = D053EF9C16271BC9008B8BA1 /* SinglySDKTests.m */; };
		D053F00416275D08008B8BA1 /* Avatar Placeholder.png in Resources */ = {isa = PBXBuildFile; fileRef = D053EFD216275CFD008B8BA1 /* Avatar Placeholder.png */; };
		D053F00516275D08008B8BA1 /* Avatar Placeholder@2x.png in Resources */ = {isa = PBXBuildFile; fileRef = D053EFD316275CFD008B8BA1 /* Avatar Placeholder@2x.png */; };
		D05870FD16431ADC007E8970 /* SinglyService.h in Headers */ = {isa = PBXBuildFile; fileRef = D05870FB16431ADB007E8970 /* SinglyService.h */; settings = {ATTRIBUTES = (Public, ); }; };
		D05870FE16431ADC007E8970 /* SinglyService.m in Sources */ = {isa = PBXBuildFile; fileRef = D05870FC16431ADB007E8970 /* SinglyService.m */; };
		D058710316431AFC007E8970 /* SinglyFacebookService.h in Headers */ = {isa = PBXBuildFile; fileRef = D058710116431AFC007E8970 /* SinglyFacebookService.h */; settings = {ATTRIBUTES = (Public, ); }; };
		D058710416431AFC007E8970 /* SinglyFacebookService.m in Sources */ = {isa = PBXBuildFile; fileRef = D058710216431AFC007E8970 /* SinglyFacebookService.m */; };
		D0587105164330FD007E8970 /* SinglyService.h in Headers */ = {isa = PBXBuildFile; fileRef = D05870FB16431ADB007E8970 /* SinglyService.h */; settings = {ATTRIBUTES = (Public, ); }; };
		D0587106164330FF007E8970 /* SinglyFacebookService.h in Headers */ = {isa = PBXBuildFile; fileRef = D058710116431AFC007E8970 /* SinglyFacebookService.h */; settings = {ATTRIBUTES = (Public, ); }; };
		D058710716433102007E8970 /* SinglyService.m in Sources */ = {isa = PBXBuildFile; fileRef = D05870FC16431ADB007E8970 /* SinglyService.m */; };
		D058710816433105007E8970 /* SinglyFacebookService.m in Sources */ = {isa = PBXBuildFile; fileRef = D058710216431AFC007E8970 /* SinglyFacebookService.m */; };
		D06194E8163864AD00A906F7 /* Accounts.framework in Frameworks */ = {isa = PBXBuildFile; fileRef = D021CBBB162C933D00DE9922 /* Accounts.framework */; settings = {ATTRIBUTES = (Weak, ); }; };
		D06194F31638668E00A906F7 /* Social.framework in Frameworks */ = {isa = PBXBuildFile; fileRef = D06194F11638668400A906F7 /* Social.framework */; settings = {ATTRIBUTES = (Weak, ); }; };
		D064F0DE16699BC000091CE5 /* SinglyFriendPickerViewController+Internal.h in Headers */ = {isa = PBXBuildFile; fileRef = D064F0DD16699BC000091CE5 /* SinglyFriendPickerViewController+Internal.h */; };
		D064F0E1166BF87900091CE5 /* SinglyService+Delegate.h in Headers */ = {isa = PBXBuildFile; fileRef = D064F0E0166BF87900091CE5 /* SinglyService+Delegate.h */; settings = {ATTRIBUTES = (Public, ); }; };
		D064F0E2166BF87900091CE5 /* SinglyService+Delegate.h in Headers */ = {isa = PBXBuildFile; fileRef = D064F0E0166BF87900091CE5 /* SinglyService+Delegate.h */; settings = {ATTRIBUTES = (Public, ); }; };
		D064F0E4166BFDFA00091CE5 /* SinglyLoginViewController+Delegate.h in Headers */ = {isa = PBXBuildFile; fileRef = D064F0E3166BFDFA00091CE5 /* SinglyLoginViewController+Delegate.h */; settings = {ATTRIBUTES = (Public, ); }; };
		D064F0E5166BFDFA00091CE5 /* SinglyLoginViewController+Delegate.h in Headers */ = {isa = PBXBuildFile; fileRef = D064F0E3166BFDFA00091CE5 /* SinglyLoginViewController+Delegate.h */; settings = {ATTRIBUTES = (Public, ); }; };
		D064F0E7166C00AE00091CE5 /* SinglyLoginPickerViewController+Delegate.h in Headers */ = {isa = PBXBuildFile; fileRef = D064F0E6166C00AE00091CE5 /* SinglyLoginPickerViewController+Delegate.h */; settings = {ATTRIBUTES = (Public, ); }; };
		D064F0E8166C00AE00091CE5 /* SinglyLoginPickerViewController+Delegate.h in Headers */ = {isa = PBXBuildFile; fileRef = D064F0E6166C00AE00091CE5 /* SinglyLoginPickerViewController+Delegate.h */; settings = {ATTRIBUTES = (Public, ); }; };
		D06830BC1624BAFC00F398A6 /* SinglyFriendPickerCell.m in Sources */ = {isa = PBXBuildFile; fileRef = D06830BA1624BAFC00F398A6 /* SinglyFriendPickerCell.m */; };
		D08B3EE7162DF3E3009001D5 /* UIViewController+Modal.m in Sources */ = {isa = PBXBuildFile; fileRef = D08B3EE5162DF3E3009001D5 /* UIViewController+Modal.m */; };
		D08C1BD81649C37000035775 /* NSDictionary+QueryString.h in Headers */ = {isa = PBXBuildFile; fileRef = D08C1BD61649C37000035775 /* NSDictionary+QueryString.h */; };
		D08C1BD91649C37000035775 /* NSDictionary+QueryString.h in Headers */ = {isa = PBXBuildFile; fileRef = D08C1BD61649C37000035775 /* NSDictionary+QueryString.h */; };
		D08C1BDA1649C37000035775 /* NSDictionary+QueryString.m in Sources */ = {isa = PBXBuildFile; fileRef = D08C1BD71649C37000035775 /* NSDictionary+QueryString.m */; };
		D08C1BDB1649C37000035775 /* NSDictionary+QueryString.m in Sources */ = {isa = PBXBuildFile; fileRef = D08C1BD71649C37000035775 /* NSDictionary+QueryString.m */; };
		D08C1BDE1649C48900035775 /* NSURL+AccessToken.h in Headers */ = {isa = PBXBuildFile; fileRef = D08C1BDC1649C48900035775 /* NSURL+AccessToken.h */; };
		D08C1BDF1649C48900035775 /* NSURL+AccessToken.h in Headers */ = {isa = PBXBuildFile; fileRef = D08C1BDC1649C48900035775 /* NSURL+AccessToken.h */; };
		D08C1BE01649C48900035775 /* NSURL+AccessToken.m in Sources */ = {isa = PBXBuildFile; fileRef = D08C1BDD1649C48900035775 /* NSURL+AccessToken.m */; };
		D08C1BE11649C48900035775 /* NSURL+AccessToken.m in Sources */ = {isa = PBXBuildFile; fileRef = D08C1BDD1649C48900035775 /* NSURL+AccessToken.m */; };
		D08C1BEA164C780C00035775 /* SinglyService+Internal.h in Headers */ = {isa = PBXBuildFile; fileRef = D08C1BE8164C780B00035775 /* SinglyService+Internal.h */; };
		D08C1BEB164C780C00035775 /* SinglyService+Internal.h in Headers */ = {isa = PBXBuildFile; fileRef = D08C1BE8164C780B00035775 /* SinglyService+Internal.h */; };
		D08D8AAF1669157300231B73 /* SinglyRequest+Internal.h in Headers */ = {isa = PBXBuildFile; fileRef = D00348371665322D0048513A /* SinglyRequest+Internal.h */; };
		D090E340165AF02000FE8273 /* SinglyLoginViewController+Internal.h in Headers */ = {isa = PBXBuildFile; fileRef = D090E33F165AF02000FE8273 /* SinglyLoginViewController+Internal.h */; };
		D090E341165AF02000FE8273 /* SinglyLoginViewController+Internal.h in Headers */ = {isa = PBXBuildFile; fileRef = D090E33F165AF02000FE8273 /* SinglyLoginViewController+Internal.h */; };
		D090E343165B0DD300FE8273 /* SinglyLoginPickerViewController+Internal.h in Headers */ = {isa = PBXBuildFile; fileRef = D090E342165B0DD300FE8273 /* SinglyLoginPickerViewController+Internal.h */; };
		D090E344165B0DD300FE8273 /* SinglyLoginPickerViewController+Internal.h in Headers */ = {isa = PBXBuildFile; fileRef = D090E342165B0DD300FE8273 /* SinglyLoginPickerViewController+Internal.h */; };
		D090E346165B0ED700FE8273 /* SinglyLoginPickerServiceCell+Internal.h in Headers */ = {isa = PBXBuildFile; fileRef = D090E345165B0ED700FE8273 /* SinglyLoginPickerServiceCell+Internal.h */; };
		D090E347165B0ED700FE8273 /* SinglyLoginPickerServiceCell+Internal.h in Headers */ = {isa = PBXBuildFile; fileRef = D090E345165B0ED700FE8273 /* SinglyLoginPickerServiceCell+Internal.h */; };
		D090E349165B116700FE8273 /* SinglyFriendPickerCell+Internal.h in Headers */ = {isa = PBXBuildFile; fileRef = D090E348165B116700FE8273 /* SinglyFriendPickerCell+Internal.h */; };
		D090E34A165B116700FE8273 /* SinglyFriendPickerCell+Internal.h in Headers */ = {isa = PBXBuildFile; fileRef = D090E348165B116700FE8273 /* SinglyFriendPickerCell+Internal.h */; };
		D090E351165BE96E00FE8273 /* SinglyRequest.h in Headers */ = {isa = PBXBuildFile; fileRef = D090E34F165BE96E00FE8273 /* SinglyRequest.h */; settings = {ATTRIBUTES = (Public, ); }; };
		D090E352165BE96E00FE8273 /* SinglyRequest.h in Headers */ = {isa = PBXBuildFile; fileRef = D090E34F165BE96E00FE8273 /* SinglyRequest.h */; settings = {ATTRIBUTES = (Public, ); }; };
		D090E353165BE96E00FE8273 /* SinglyRequest.m in Sources */ = {isa = PBXBuildFile; fileRef = D090E350165BE96E00FE8273 /* SinglyRequest.m */; };
		D090E354165BE96E00FE8273 /* SinglyRequest.m in Sources */ = {isa = PBXBuildFile; fileRef = D090E350165BE96E00FE8273 /* SinglyRequest.m */; };
		D0DB1623162E0A93005EC7C7 /* Service Placeholder.png in Resources */ = {isa = PBXBuildFile; fileRef = D0DB161C162E0A87005EC7C7 /* Service Placeholder.png */; };
		D0DB1624162E0A93005EC7C7 /* Service Placeholder@2x.png in Resources */ = {isa = PBXBuildFile; fileRef = D0DB161E162E0A87005EC7C7 /* Service Placeholder@2x.png */; };
		D0E2C7081637572B00AAD565 /* SinglySession.h in Headers */ = {isa = PBXBuildFile; fileRef = 821D088915ED17B000ECFED0 /* SinglySession.h */; settings = {ATTRIBUTES = (Public, ); }; };
		D0E2C7091637573800AAD565 /* NSString+URLEncoded.h in Headers */ = {isa = PBXBuildFile; fileRef = 825B6D92161C99EF0034DB92 /* NSString+URLEncoded.h */; };
		D0E2C70A1637573C00AAD565 /* UIViewController+Modal.h in Headers */ = {isa = PBXBuildFile; fileRef = D08B3EE4162DF3E3009001D5 /* UIViewController+Modal.h */; };
		D0E2C70B1637574200AAD565 /* SinglyLoginViewController.h in Headers */ = {isa = PBXBuildFile; fileRef = 821D088515ED17B000ECFED0 /* SinglyLoginViewController.h */; settings = {ATTRIBUTES = (Public, ); }; };
		D0E2C70C1637575900AAD565 /* SinglyLoginPickerViewController.h in Headers */ = {isa = PBXBuildFile; fileRef = 82CAD78915EEB0B300D3E486 /* SinglyLoginPickerViewController.h */; settings = {ATTRIBUTES = (Public, ); }; };
		D0E2C70D1637575E00AAD565 /* SinglyLoginPickerServiceCell.h in Headers */ = {isa = PBXBuildFile; fileRef = D021CBC5162DB7D800DE9922 /* SinglyLoginPickerServiceCell.h */; settings = {ATTRIBUTES = (Public, ); }; };
		D0E2C70F1637576A00AAD565 /* SinglyFriendPickerViewController.h in Headers */ = {isa = PBXBuildFile; fileRef = 8236EBDB15EFE79E00F3351E /* SinglyFriendPickerViewController.h */; settings = {ATTRIBUTES = (Public, ); }; };
		D0E2C7101637576E00AAD565 /* SinglyFriendPickerCell.h in Headers */ = {isa = PBXBuildFile; fileRef = D06830B91624BAFC00F398A6 /* SinglyFriendPickerCell.h */; settings = {ATTRIBUTES = (Public, ); }; };
		D0EA60BE163B3B9A001AC1DF /* SinglyActivityIndicatorView.h in Headers */ = {isa = PBXBuildFile; fileRef = D0EA60BC163B3B99001AC1DF /* SinglyActivityIndicatorView.h */; };
		D0EA60BF163B3B9A001AC1DF /* SinglyActivityIndicatorView.h in Headers */ = {isa = PBXBuildFile; fileRef = D0EA60BC163B3B99001AC1DF /* SinglyActivityIndicatorView.h */; };
		D0EA60C0163B3B9A001AC1DF /* SinglyActivityIndicatorView.m in Sources */ = {isa = PBXBuildFile; fileRef = D0EA60BD163B3B99001AC1DF /* SinglyActivityIndicatorView.m */; };
		D0EA60C1163B3B9A001AC1DF /* SinglyActivityIndicatorView.m in Sources */ = {isa = PBXBuildFile; fileRef = D0EA60BD163B3B99001AC1DF /* SinglyActivityIndicatorView.m */; };
		D0EA60C3163B4554001AC1DF /* Icon-512.png in Resources */ = {isa = PBXBuildFile; fileRef = D0EA60C2163B4554001AC1DF /* Icon-512.png */; };
/* End PBXBuildFile section */

/* Begin PBXContainerItemProxy section */
		D02B540E1630ABF500F1F535 /* PBXContainerItemProxy */ = {
			isa = PBXContainerItemProxy;
			containerPortal = 821D086715ED177300ECFED0 /* Project object */;
			proxyType = 1;
			remoteGlobalIDString = D053EFC016275C06008B8BA1;
			remoteInfo = Resources;
		};
		D053EFD016275CA9008B8BA1 /* PBXContainerItemProxy */ = {
			isa = PBXContainerItemProxy;
			containerPortal = 821D086715ED177300ECFED0 /* Project object */;
			proxyType = 1;
			remoteGlobalIDString = D053EFC016275C06008B8BA1;
			remoteInfo = "Resource Bundle";
		};
/* End PBXContainerItemProxy section */

/* Begin PBXFileReference section */
		821D087415ED177400ECFED0 /* SinglySDK.framework */ = {isa = PBXFileReference; explicitFileType = wrapper.cfbundle; includeInIndex = 0; path = SinglySDK.framework; sourceTree = BUILT_PRODUCTS_DIR; };
		821D087A15ED177400ECFED0 /* en */ = {isa = PBXFileReference; lastKnownFileType = text.plist.strings; name = en; path = en.lproj/InfoPlist.strings; sourceTree = "<group>"; };
		821D088515ED17B000ECFED0 /* SinglyLoginViewController.h */ = {isa = PBXFileReference; fileEncoding = 4; lastKnownFileType = sourcecode.c.h; path = SinglyLoginViewController.h; sourceTree = "<group>"; };
		821D088615ED17B000ECFED0 /* SinglyLoginViewController.m */ = {isa = PBXFileReference; fileEncoding = 4; lastKnownFileType = sourcecode.c.objc; path = SinglyLoginViewController.m; sourceTree = "<group>"; };
		821D088715ED17B000ECFED0 /* SinglySDK.h */ = {isa = PBXFileReference; fileEncoding = 4; lastKnownFileType = sourcecode.c.h; path = SinglySDK.h; sourceTree = "<group>"; };
		821D088915ED17B000ECFED0 /* SinglySession.h */ = {isa = PBXFileReference; fileEncoding = 4; lastKnownFileType = sourcecode.c.h; path = SinglySession.h; sourceTree = "<group>"; };
		821D088A15ED17B000ECFED0 /* SinglySession.m */ = {isa = PBXFileReference; fileEncoding = 4; lastKnownFileType = sourcecode.c.objc; path = SinglySession.m; sourceTree = "<group>"; };
		8236EBDB15EFE79E00F3351E /* SinglyFriendPickerViewController.h */ = {isa = PBXFileReference; fileEncoding = 4; lastKnownFileType = sourcecode.c.h; path = SinglyFriendPickerViewController.h; sourceTree = "<group>"; };
		8236EBDC15EFE79E00F3351E /* SinglyFriendPickerViewController.m */ = {isa = PBXFileReference; fileEncoding = 4; lastKnownFileType = sourcecode.c.objc; path = SinglyFriendPickerViewController.m; sourceTree = "<group>"; };
		824DCF331607B48D009FE2EA /* SinglySharingViewController.xib */ = {isa = PBXFileReference; fileEncoding = 4; lastKnownFileType = file.xib; name = SinglySharingViewController.xib; path = SinglySDK/SinglySharingViewController.xib; sourceTree = SOURCE_ROOT; };
		824DCF361607B48D009FE2EA /* DEFacebookGradientView.h */ = {isa = PBXFileReference; fileEncoding = 4; lastKnownFileType = sourcecode.c.h; path = DEFacebookGradientView.h; sourceTree = "<group>"; };
		824DCF371607B48D009FE2EA /* DEFacebookGradientView.m */ = {isa = PBXFileReference; fileEncoding = 4; lastKnownFileType = sourcecode.c.objc; path = DEFacebookGradientView.m; sourceTree = "<group>"; };
		824DCF381607B48D009FE2EA /* DEFacebookSheetCardView.h */ = {isa = PBXFileReference; fileEncoding = 4; lastKnownFileType = sourcecode.c.h; path = DEFacebookSheetCardView.h; sourceTree = "<group>"; };
		824DCF391607B48D009FE2EA /* DEFacebookSheetCardView.m */ = {isa = PBXFileReference; fileEncoding = 4; lastKnownFileType = sourcecode.c.objc; path = DEFacebookSheetCardView.m; sourceTree = "<group>"; };
		824DCF3A1607B48D009FE2EA /* DEFacebookTextView.h */ = {isa = PBXFileReference; fileEncoding = 4; lastKnownFileType = sourcecode.c.h; path = DEFacebookTextView.h; sourceTree = "<group>"; };
		824DCF3B1607B48D009FE2EA /* DEFacebookTextView.m */ = {isa = PBXFileReference; fileEncoding = 4; lastKnownFileType = sourcecode.c.objc; path = DEFacebookTextView.m; sourceTree = "<group>"; };
		824DCF3C1607B48D009FE2EA /* DERuledView.h */ = {isa = PBXFileReference; fileEncoding = 4; lastKnownFileType = sourcecode.c.h; path = DERuledView.h; sourceTree = "<group>"; };
		824DCF3D1607B48D009FE2EA /* DERuledView.m */ = {isa = PBXFileReference; fileEncoding = 4; lastKnownFileType = sourcecode.c.objc; path = DERuledView.m; sourceTree = "<group>"; };
		824DCF551607B48D009FE2EA /* UIApplication+DEFacebookComposeViewController.h */ = {isa = PBXFileReference; fileEncoding = 4; lastKnownFileType = sourcecode.c.h; path = "UIApplication+DEFacebookComposeViewController.h"; sourceTree = "<group>"; };
		824DCF561607B48D009FE2EA /* UIApplication+DEFacebookComposeViewController.m */ = {isa = PBXFileReference; fileEncoding = 4; lastKnownFileType = sourcecode.c.objc; path = "UIApplication+DEFacebookComposeViewController.m"; sourceTree = "<group>"; };
		824DCF571607B48D009FE2EA /* UIDevice+DEFacebookComposeViewController.h */ = {isa = PBXFileReference; fileEncoding = 4; lastKnownFileType = sourcecode.c.h; path = "UIDevice+DEFacebookComposeViewController.h"; sourceTree = "<group>"; };
		824DCF581607B48D009FE2EA /* UIDevice+DEFacebookComposeViewController.m */ = {isa = PBXFileReference; fileEncoding = 4; lastKnownFileType = sourcecode.c.objc; path = "UIDevice+DEFacebookComposeViewController.m"; sourceTree = "<group>"; };
		825B6D92161C99EF0034DB92 /* NSString+URLEncoded.h */ = {isa = PBXFileReference; fileEncoding = 4; lastKnownFileType = sourcecode.c.h; path = "NSString+URLEncoded.h"; sourceTree = "<group>"; };
		825B6D93161C99EF0034DB92 /* NSString+URLEncoded.m */ = {isa = PBXFileReference; fileEncoding = 4; lastKnownFileType = sourcecode.c.objc; path = "NSString+URLEncoded.m"; sourceTree = "<group>"; };
		82C6252E16011E7900BF5225 /* SinglySharingViewController.h */ = {isa = PBXFileReference; fileEncoding = 4; lastKnownFileType = sourcecode.c.h; path = SinglySharingViewController.h; sourceTree = "<group>"; };
		82C6252F16011E7900BF5225 /* SinglySharingViewController.m */ = {isa = PBXFileReference; fileEncoding = 4; lastKnownFileType = sourcecode.c.objc; path = SinglySharingViewController.m; sourceTree = "<group>"; };
		82CAD78915EEB0B300D3E486 /* SinglyLoginPickerViewController.h */ = {isa = PBXFileReference; fileEncoding = 4; lastKnownFileType = sourcecode.c.h; path = SinglyLoginPickerViewController.h; sourceTree = "<group>"; };
		82CAD78A15EEB0B300D3E486 /* SinglyLoginPickerViewController.m */ = {isa = PBXFileReference; fileEncoding = 4; lastKnownFileType = sourcecode.c.objc; path = SinglyLoginPickerViewController.m; sourceTree = "<group>"; };
		D00348371665322D0048513A /* SinglyRequest+Internal.h */ = {isa = PBXFileReference; fileEncoding = 4; lastKnownFileType = sourcecode.c.h; path = "SinglyRequest+Internal.h"; sourceTree = "<group>"; };
		D003483916666C8B0048513A /* SinglyKeychainItemWrapper.h */ = {isa = PBXFileReference; fileEncoding = 4; lastKnownFileType = sourcecode.c.h; path = SinglyKeychainItemWrapper.h; sourceTree = "<group>"; };
		D003483A16666C8B0048513A /* SinglyKeychainItemWrapper.m */ = {isa = PBXFileReference; fileEncoding = 4; lastKnownFileType = sourcecode.c.objc; path = SinglyKeychainItemWrapper.m; sourceTree = "<group>"; };
		D003483F16666E650048513A /* Security.framework */ = {isa = PBXFileReference; lastKnownFileType = wrapper.framework; name = Security.framework; path = System/Library/Frameworks/Security.framework; sourceTree = SDKROOT; };
		D00348531666B56F0048513A /* SinglySession+Internal.h */ = {isa = PBXFileReference; fileEncoding = 4; lastKnownFileType = sourcecode.c.h; path = "SinglySession+Internal.h"; sourceTree = "<group>"; };
		D021CBBB162C933D00DE9922 /* Accounts.framework */ = {isa = PBXFileReference; lastKnownFileType = wrapper.framework; name = Accounts.framework; path = System/Library/Frameworks/Accounts.framework; sourceTree = SDKROOT; };
		D021CBC5162DB7D800DE9922 /* SinglyLoginPickerServiceCell.h */ = {isa = PBXFileReference; fileEncoding = 4; lastKnownFileType = sourcecode.c.h; path = SinglyLoginPickerServiceCell.h; sourceTree = "<group>"; };
		D021CBC6162DB7D800DE9922 /* SinglyLoginPickerServiceCell.m */ = {isa = PBXFileReference; fileEncoding = 4; lastKnownFileType = sourcecode.c.objc; path = SinglyLoginPickerServiceCell.m; sourceTree = "<group>"; };
		D02B535B1630989A00F1F535 /* CoreFoundation.framework */ = {isa = PBXFileReference; lastKnownFileType = wrapper.framework; name = CoreFoundation.framework; path = System/Library/Frameworks/CoreFoundation.framework; sourceTree = SDKROOT; };
		D02B537016309C7700F1F535 /* libSinglySDK.a */ = {isa = PBXFileReference; explicitFileType = archive.ar; includeInIndex = 0; path = libSinglySDK.a; sourceTree = BUILT_PRODUCTS_DIR; };
		D02B537116309C7700F1F535 /* Foundation.framework */ = {isa = PBXFileReference; lastKnownFileType = wrapper.framework; name = Foundation.framework; path = System/Library/Frameworks/Foundation.framework; sourceTree = SDKROOT; };
		D02B538116309C7700F1F535 /* UIKit.framework */ = {isa = PBXFileReference; lastKnownFileType = wrapper.framework; name = UIKit.framework; path = System/Library/Frameworks/UIKit.framework; sourceTree = SDKROOT; };
		D02B53D91630A31600F1F535 /* SinglyConstants.h */ = {isa = PBXFileReference; fileEncoding = 4; lastKnownFileType = sourcecode.c.h; name = SinglyConstants.h; path = ../SinglyConstants.h; sourceTree = "<group>"; };
		D053EF8D16271BC9008B8BA1 /* SinglySDK.octest */ = {isa = PBXFileReference; explicitFileType = wrapper.cfbundle; includeInIndex = 0; path = SinglySDK.octest; sourceTree = BUILT_PRODUCTS_DIR; };
		D053EF8F16271BC9008B8BA1 /* SenTestingKit.framework */ = {isa = PBXFileReference; lastKnownFileType = wrapper.framework; name = SenTestingKit.framework; path = Library/Frameworks/SenTestingKit.framework; sourceTree = DEVELOPER_DIR; };
		D053EF9716271BC9008B8BA1 /* SinglySDKTests-Info.plist */ = {isa = PBXFileReference; lastKnownFileType = text.plist.xml; path = "SinglySDKTests-Info.plist"; sourceTree = "<group>"; };
		D053EF9916271BC9008B8BA1 /* en */ = {isa = PBXFileReference; lastKnownFileType = text.plist.strings; name = en; path = en.lproj/InfoPlist.strings; sourceTree = "<group>"; };
		D053EF9B16271BC9008B8BA1 /* SinglySDKTests.h */ = {isa = PBXFileReference; lastKnownFileType = sourcecode.c.h; path = SinglySDKTests.h; sourceTree = "<group>"; };
		D053EF9C16271BC9008B8BA1 /* SinglySDKTests.m */ = {isa = PBXFileReference; lastKnownFileType = sourcecode.c.objc; path = SinglySDKTests.m; sourceTree = "<group>"; };
		D053EF9E16271BC9008B8BA1 /* SinglySDKTests-Prefix.pch */ = {isa = PBXFileReference; lastKnownFileType = sourcecode.c.h; path = "SinglySDKTests-Prefix.pch"; sourceTree = "<group>"; };
		D053EFC116275C06008B8BA1 /* SinglySDK.bundle */ = {isa = PBXFileReference; explicitFileType = wrapper.cfbundle; includeInIndex = 0; path = SinglySDK.bundle; sourceTree = BUILT_PRODUCTS_DIR; };
		D053EFD216275CFD008B8BA1 /* Avatar Placeholder.png */ = {isa = PBXFileReference; lastKnownFileType = image.png; path = "Avatar Placeholder.png"; sourceTree = "<group>"; };
		D053EFD316275CFD008B8BA1 /* Avatar Placeholder@2x.png */ = {isa = PBXFileReference; lastKnownFileType = image.png; path = "Avatar Placeholder@2x.png"; sourceTree = "<group>"; };
		D053EFD816275D05008B8BA1 /* DEFacebookAttachmentFrame.png */ = {isa = PBXFileReference; lastKnownFileType = image.png; path = DEFacebookAttachmentFrame.png; sourceTree = "<group>"; };
		D053EFD916275D05008B8BA1 /* DEFacebookAttachmentFrame@2x.png */ = {isa = PBXFileReference; lastKnownFileType = image.png; path = "DEFacebookAttachmentFrame@2x.png"; sourceTree = "<group>"; };
		D053EFDA16275D05008B8BA1 /* DEFacebookCancelButtonLandscape.png */ = {isa = PBXFileReference; lastKnownFileType = image.png; path = DEFacebookCancelButtonLandscape.png; sourceTree = "<group>"; };
		D053EFDB16275D05008B8BA1 /* DEFacebookCancelButtonLandscape@2x.png */ = {isa = PBXFileReference; lastKnownFileType = image.png; path = "DEFacebookCancelButtonLandscape@2x.png"; sourceTree = "<group>"; };
		D053EFDC16275D05008B8BA1 /* DEFacebookCancelButtonPortrait.png */ = {isa = PBXFileReference; lastKnownFileType = image.png; path = DEFacebookCancelButtonPortrait.png; sourceTree = "<group>"; };
		D053EFDD16275D05008B8BA1 /* DEFacebookCancelButtonPortrait@2x.png */ = {isa = PBXFileReference; lastKnownFileType = image.png; path = "DEFacebookCancelButtonPortrait@2x.png"; sourceTree = "<group>"; };
		D053EFDE16275D05008B8BA1 /* DEFacebookCardAccountLine.png */ = {isa = PBXFileReference; lastKnownFileType = image.png; path = DEFacebookCardAccountLine.png; sourceTree = "<group>"; };
		D053EFDF16275D05008B8BA1 /* DEFacebookCardAccountLine@2x.png */ = {isa = PBXFileReference; lastKnownFileType = image.png; path = "DEFacebookCardAccountLine@2x.png"; sourceTree = "<group>"; };
		D053EFE016275D05008B8BA1 /* DEFacebookCardBackground.png */ = {isa = PBXFileReference; lastKnownFileType = image.png; path = DEFacebookCardBackground.png; sourceTree = "<group>"; };
		D053EFE116275D05008B8BA1 /* DEFacebookCardBackground@2x.png */ = {isa = PBXFileReference; lastKnownFileType = image.png; path = "DEFacebookCardBackground@2x.png"; sourceTree = "<group>"; };
		D053EFE216275D05008B8BA1 /* DEFacebookCardHeaderLine.png */ = {isa = PBXFileReference; lastKnownFileType = image.png; path = DEFacebookCardHeaderLine.png; sourceTree = "<group>"; };
		D053EFE316275D05008B8BA1 /* DEFacebookCardHeaderLine@2x.png */ = {isa = PBXFileReference; lastKnownFileType = image.png; path = "DEFacebookCardHeaderLine@2x.png"; sourceTree = "<group>"; };
		D053EFE416275D05008B8BA1 /* DEFacebookPaperClip.png */ = {isa = PBXFileReference; lastKnownFileType = image.png; path = DEFacebookPaperClip.png; sourceTree = "<group>"; };
		D053EFE516275D05008B8BA1 /* DEFacebookPaperClip@2x.png */ = {isa = PBXFileReference; lastKnownFileType = image.png; path = "DEFacebookPaperClip@2x.png"; sourceTree = "<group>"; };
		D053EFE616275D05008B8BA1 /* DEFacebookSendButtonLandscape.png */ = {isa = PBXFileReference; lastKnownFileType = image.png; path = DEFacebookSendButtonLandscape.png; sourceTree = "<group>"; };
		D053EFE716275D05008B8BA1 /* DEFacebookSendButtonLandscape@2x.png */ = {isa = PBXFileReference; lastKnownFileType = image.png; path = "DEFacebookSendButtonLandscape@2x.png"; sourceTree = "<group>"; };
		D053EFE816275D05008B8BA1 /* DEFacebookSendButtonPortrait.png */ = {isa = PBXFileReference; lastKnownFileType = image.png; path = DEFacebookSendButtonPortrait.png; sourceTree = "<group>"; };
		D053EFE916275D05008B8BA1 /* DEFacebookSendButtonPortrait@2x.png */ = {isa = PBXFileReference; lastKnownFileType = image.png; path = "DEFacebookSendButtonPortrait@2x.png"; sourceTree = "<group>"; };
		D053EFEA16275D05008B8BA1 /* DEFacebookURLAttachment.png */ = {isa = PBXFileReference; lastKnownFileType = image.png; path = DEFacebookURLAttachment.png; sourceTree = "<group>"; };
		D053EFEB16275D05008B8BA1 /* DEFacebookURLAttachment@2x.png */ = {isa = PBXFileReference; lastKnownFileType = image.png; path = "DEFacebookURLAttachment@2x.png"; sourceTree = "<group>"; };
		D053EFEC16275D05008B8BA1 /* NavBarLandscape.png */ = {isa = PBXFileReference; lastKnownFileType = image.png; path = NavBarLandscape.png; sourceTree = "<group>"; };
		D053EFED16275D05008B8BA1 /* NavBarLandscape@2x.png */ = {isa = PBXFileReference; lastKnownFileType = image.png; path = "NavBarLandscape@2x.png"; sourceTree = "<group>"; };
		D053F01016276255008B8BA1 /* Resources-Info.plist */ = {isa = PBXFileReference; lastKnownFileType = text.plist.xml; name = "Resources-Info.plist"; path = "SinglySDK/Resources/Resources-Info.plist"; sourceTree = SOURCE_ROOT; };
		D05870FB16431ADB007E8970 /* SinglyService.h */ = {isa = PBXFileReference; fileEncoding = 4; lastKnownFileType = sourcecode.c.h; name = SinglyService.h; path = SinglySDK/SinglyService.h; sourceTree = "<group>"; };
		D05870FC16431ADB007E8970 /* SinglyService.m */ = {isa = PBXFileReference; fileEncoding = 4; lastKnownFileType = sourcecode.c.objc; name = SinglyService.m; path = SinglySDK/SinglyService.m; sourceTree = "<group>"; };
		D058710116431AFC007E8970 /* SinglyFacebookService.h */ = {isa = PBXFileReference; fileEncoding = 4; lastKnownFileType = sourcecode.c.h; name = SinglyFacebookService.h; path = SinglySDK/SinglyFacebookService.h; sourceTree = "<group>"; };
		D058710216431AFC007E8970 /* SinglyFacebookService.m */ = {isa = PBXFileReference; fileEncoding = 4; lastKnownFileType = sourcecode.c.objc; name = SinglyFacebookService.m; path = SinglySDK/SinglyFacebookService.m; sourceTree = "<group>"; };
		D06194F11638668400A906F7 /* Social.framework */ = {isa = PBXFileReference; lastKnownFileType = wrapper.framework; name = Social.framework; path = System/Library/Frameworks/Social.framework; sourceTree = SDKROOT; };
		D064F0DD16699BC000091CE5 /* SinglyFriendPickerViewController+Internal.h */ = {isa = PBXFileReference; fileEncoding = 4; lastKnownFileType = sourcecode.c.h; path = "SinglyFriendPickerViewController+Internal.h"; sourceTree = "<group>"; };
		D064F0E0166BF87900091CE5 /* SinglyService+Delegate.h */ = {isa = PBXFileReference; fileEncoding = 4; lastKnownFileType = sourcecode.c.h; name = "SinglyService+Delegate.h"; path = "SinglySDK/SinglyService+Delegate.h"; sourceTree = "<group>"; };
		D064F0E3166BFDFA00091CE5 /* SinglyLoginViewController+Delegate.h */ = {isa = PBXFileReference; fileEncoding = 4; lastKnownFileType = sourcecode.c.h; path = "SinglyLoginViewController+Delegate.h"; sourceTree = "<group>"; };
		D064F0E6166C00AE00091CE5 /* SinglyLoginPickerViewController+Delegate.h */ = {isa = PBXFileReference; fileEncoding = 4; lastKnownFileType = sourcecode.c.h; path = "SinglyLoginPickerViewController+Delegate.h"; sourceTree = "<group>"; };
		D06830B91624BAFC00F398A6 /* SinglyFriendPickerCell.h */ = {isa = PBXFileReference; fileEncoding = 4; lastKnownFileType = sourcecode.c.h; path = SinglyFriendPickerCell.h; sourceTree = "<group>"; };
		D06830BA1624BAFC00F398A6 /* SinglyFriendPickerCell.m */ = {isa = PBXFileReference; fileEncoding = 4; lastKnownFileType = sourcecode.c.objc; path = SinglyFriendPickerCell.m; sourceTree = "<group>"; };
		D06D8DAC165193AB00E8750C /* Create Disk Image.rb */ = {isa = PBXFileReference; lastKnownFileType = text.script.ruby; path = "Create Disk Image.rb"; sourceTree = "<group>"; };
		D077BA6116540FE800F6EEDE /* Singly Folder Icon.icns */ = {isa = PBXFileReference; lastKnownFileType = image.icns; path = "Singly Folder Icon.icns"; sourceTree = "<group>"; };
		D077BA6216540FF000F6EEDE /* Singly Folder Icon.rsrc */ = {isa = PBXFileReference; lastKnownFileType = archive.rsrc; path = "Singly Folder Icon.rsrc"; sourceTree = "<group>"; };
		D077BA63165554E500F6EEDE /* Customize Disk Image.applescript */ = {isa = PBXFileReference; fileEncoding = 4; lastKnownFileType = sourcecode.applescript; path = "Customize Disk Image.applescript"; sourceTree = "<group>"; };
		D077BA6516555A3F00F6EEDE /* Disk Image Background.psd */ = {isa = PBXFileReference; lastKnownFileType = file; path = "Disk Image Background.psd"; sourceTree = "<group>"; };
		D077BA6616555A3F00F6EEDE /* Disk Image Background.tiff */ = {isa = PBXFileReference; lastKnownFileType = image.tiff; path = "Disk Image Background.tiff"; sourceTree = "<group>"; };
		D08B3EE4162DF3E3009001D5 /* UIViewController+Modal.h */ = {isa = PBXFileReference; fileEncoding = 4; lastKnownFileType = sourcecode.c.h; path = "UIViewController+Modal.h"; sourceTree = "<group>"; };
		D08B3EE5162DF3E3009001D5 /* UIViewController+Modal.m */ = {isa = PBXFileReference; fileEncoding = 4; lastKnownFileType = sourcecode.c.objc; path = "UIViewController+Modal.m"; sourceTree = "<group>"; };
		D08C1BD61649C37000035775 /* NSDictionary+QueryString.h */ = {isa = PBXFileReference; fileEncoding = 4; lastKnownFileType = sourcecode.c.h; path = "NSDictionary+QueryString.h"; sourceTree = "<group>"; };
		D08C1BD71649C37000035775 /* NSDictionary+QueryString.m */ = {isa = PBXFileReference; fileEncoding = 4; lastKnownFileType = sourcecode.c.objc; path = "NSDictionary+QueryString.m"; sourceTree = "<group>"; };
		D08C1BDC1649C48900035775 /* NSURL+AccessToken.h */ = {isa = PBXFileReference; fileEncoding = 4; lastKnownFileType = sourcecode.c.h; path = "NSURL+AccessToken.h"; sourceTree = "<group>"; };
		D08C1BDD1649C48900035775 /* NSURL+AccessToken.m */ = {isa = PBXFileReference; fileEncoding = 4; lastKnownFileType = sourcecode.c.objc; path = "NSURL+AccessToken.m"; sourceTree = "<group>"; };
		D08C1BE8164C780B00035775 /* SinglyService+Internal.h */ = {isa = PBXFileReference; fileEncoding = 4; lastKnownFileType = sourcecode.c.h; name = "SinglyService+Internal.h"; path = "SinglySDK/SinglyService+Internal.h"; sourceTree = "<group>"; };
		D090E33F165AF02000FE8273 /* SinglyLoginViewController+Internal.h */ = {isa = PBXFileReference; fileEncoding = 4; lastKnownFileType = sourcecode.c.h; path = "SinglyLoginViewController+Internal.h"; sourceTree = "<group>"; };
		D090E342165B0DD300FE8273 /* SinglyLoginPickerViewController+Internal.h */ = {isa = PBXFileReference; fileEncoding = 4; lastKnownFileType = sourcecode.c.h; path = "SinglyLoginPickerViewController+Internal.h"; sourceTree = "<group>"; };
		D090E345165B0ED700FE8273 /* SinglyLoginPickerServiceCell+Internal.h */ = {isa = PBXFileReference; fileEncoding = 4; lastKnownFileType = sourcecode.c.h; path = "SinglyLoginPickerServiceCell+Internal.h"; sourceTree = "<group>"; };
		D090E348165B116700FE8273 /* SinglyFriendPickerCell+Internal.h */ = {isa = PBXFileReference; fileEncoding = 4; lastKnownFileType = sourcecode.c.h; path = "SinglyFriendPickerCell+Internal.h"; sourceTree = "<group>"; };
		D090E34F165BE96E00FE8273 /* SinglyRequest.h */ = {isa = PBXFileReference; fileEncoding = 4; lastKnownFileType = sourcecode.c.h; path = SinglyRequest.h; sourceTree = "<group>"; };
		D090E350165BE96E00FE8273 /* SinglyRequest.m */ = {isa = PBXFileReference; fileEncoding = 4; lastKnownFileType = sourcecode.c.objc; path = SinglyRequest.m; sourceTree = "<group>"; };
		D0DB161C162E0A87005EC7C7 /* Service Placeholder.png */ = {isa = PBXFileReference; lastKnownFileType = image.png; path = "Service Placeholder.png"; sourceTree = "<group>"; };
		D0DB161E162E0A87005EC7C7 /* Service Placeholder@2x.png */ = {isa = PBXFileReference; lastKnownFileType = image.png; path = "Service Placeholder@2x.png"; sourceTree = "<group>"; };
		D0E158DF1631C1BD000D0BCA /* Create Universal Library.rb */ = {isa = PBXFileReference; lastKnownFileType = text.script.ruby; path = "Create Universal Library.rb"; sourceTree = "<group>"; };
		D0EA60BC163B3B99001AC1DF /* SinglyActivityIndicatorView.h */ = {isa = PBXFileReference; fileEncoding = 4; lastKnownFileType = sourcecode.c.h; path = SinglyActivityIndicatorView.h; sourceTree = "<group>"; };
		D0EA60BD163B3B99001AC1DF /* SinglyActivityIndicatorView.m */ = {isa = PBXFileReference; fileEncoding = 4; lastKnownFileType = sourcecode.c.objc; path = SinglyActivityIndicatorView.m; sourceTree = "<group>"; };
		D0EA60C2163B4554001AC1DF /* Icon-512.png */ = {isa = PBXFileReference; lastKnownFileType = image.png; path = "Icon-512.png"; sourceTree = "<group>"; };
/* End PBXFileReference section */

/* Begin PBXFrameworksBuildPhase section */
		821D086E15ED177400ECFED0 /* Frameworks */ = {
			isa = PBXFrameworksBuildPhase;
			buildActionMask = 2147483647;
			files = (
			);
			runOnlyForDeploymentPostprocessing = 0;
		};
		D02B536D16309C7700F1F535 /* Frameworks */ = {
			isa = PBXFrameworksBuildPhase;
			buildActionMask = 2147483647;
			files = (
				D06194E8163864AD00A906F7 /* Accounts.framework in Frameworks */,
				D02B537216309C7700F1F535 /* Foundation.framework in Frameworks */,
				D003484116666ED50048513A /* Security.framework in Frameworks */,
				D06194F31638668E00A906F7 /* Social.framework in Frameworks */,
				D003484716666EFE0048513A /* UIKit.framework in Frameworks */,
			);
			runOnlyForDeploymentPostprocessing = 0;
		};
		D053EF8916271BC9008B8BA1 /* Frameworks */ = {
			isa = PBXFrameworksBuildPhase;
			buildActionMask = 2147483647;
			files = (
				D053EF9016271BC9008B8BA1 /* SenTestingKit.framework in Frameworks */,
			);
			runOnlyForDeploymentPostprocessing = 0;
		};
/* End PBXFrameworksBuildPhase section */

/* Begin PBXGroup section */
		821D086515ED177300ECFED0 = {
			isa = PBXGroup;
			children = (
				821D087615ED177400ECFED0 /* SinglySDK */,
				D053EF9516271BC9008B8BA1 /* SinglySDKTests */,
				D053EF8E16271BC9008B8BA1 /* Frameworks */,
				D0E158DE1631C19E000D0BCA /* Scripts */,
				821D087515ED177400ECFED0 /* Products */,
			);
			indentWidth = 4;
			sourceTree = "<group>";
			tabWidth = 4;
		};
		821D087515ED177400ECFED0 /* Products */ = {
			isa = PBXGroup;
			children = (
				821D087415ED177400ECFED0 /* SinglySDK.framework */,
				D053EF8D16271BC9008B8BA1 /* SinglySDK.octest */,
				D053EFC116275C06008B8BA1 /* SinglySDK.bundle */,
				D02B537016309C7700F1F535 /* libSinglySDK.a */,
			);
			name = Products;
			sourceTree = "<group>";
		};
		821D087615ED177400ECFED0 /* SinglySDK */ = {
			isa = PBXGroup;
			children = (
				821D088715ED17B000ECFED0 /* SinglySDK.h */,
				D090E33E165AE99800FE8273 /* Sessions */,
				D058710016431AE3007E8970 /* Services */,
				D067E1AE161B433700B43C32 /* Authentication */,
				D090E33D165AE98E00FE8273 /* API Requests */,
				D067E1B1161B434E00B43C32 /* Friends */,
				D067E1B0161B433D00B43C32 /* Sharing */,
				D090E34E165BE6CC00FE8273 /* Miscellaneous Views */,
				825B6D91161C99CE0034DB92 /* Utilities */,
				D06830CD1624D0AF00F398A6 /* Resources */,
			);
			path = SinglySDK;
			sourceTree = "<group>";
		};
		824DCF321607B48D009FE2EA /* ComposeViewController */ = {
			isa = PBXGroup;
			children = (
				824DCF361607B48D009FE2EA /* DEFacebookGradientView.h */,
				824DCF371607B48D009FE2EA /* DEFacebookGradientView.m */,
				824DCF381607B48D009FE2EA /* DEFacebookSheetCardView.h */,
				824DCF391607B48D009FE2EA /* DEFacebookSheetCardView.m */,
				824DCF3A1607B48D009FE2EA /* DEFacebookTextView.h */,
				824DCF3B1607B48D009FE2EA /* DEFacebookTextView.m */,
				824DCF3C1607B48D009FE2EA /* DERuledView.h */,
				824DCF3D1607B48D009FE2EA /* DERuledView.m */,
				824DCF551607B48D009FE2EA /* UIApplication+DEFacebookComposeViewController.h */,
				824DCF561607B48D009FE2EA /* UIApplication+DEFacebookComposeViewController.m */,
				824DCF571607B48D009FE2EA /* UIDevice+DEFacebookComposeViewController.h */,
				824DCF581607B48D009FE2EA /* UIDevice+DEFacebookComposeViewController.m */,
			);
			path = ComposeViewController;
			sourceTree = "<group>";
		};
		825B6D91161C99CE0034DB92 /* Utilities */ = {
			isa = PBXGroup;
			children = (
				D0034852166672180048513A /* Extensions */,
				D003483916666C8B0048513A /* SinglyKeychainItemWrapper.h */,
				D003483A16666C8B0048513A /* SinglyKeychainItemWrapper.m */,
			);
			name = Utilities;
			sourceTree = "<group>";
		};
		D0034852166672180048513A /* Extensions */ = {
			isa = PBXGroup;
			children = (
				D08C1BD61649C37000035775 /* NSDictionary+QueryString.h */,
				D08C1BD71649C37000035775 /* NSDictionary+QueryString.m */,
				825B6D92161C99EF0034DB92 /* NSString+URLEncoded.h */,
				825B6D93161C99EF0034DB92 /* NSString+URLEncoded.m */,
				D08C1BDC1649C48900035775 /* NSURL+AccessToken.h */,
				D08C1BDD1649C48900035775 /* NSURL+AccessToken.m */,
				D08B3EE4162DF3E3009001D5 /* UIViewController+Modal.h */,
				D08B3EE5162DF3E3009001D5 /* UIViewController+Modal.m */,
			);
			name = Extensions;
			sourceTree = "<group>";
		};
		D053EF8E16271BC9008B8BA1 /* Frameworks */ = {
			isa = PBXGroup;
			children = (
				D021CBBB162C933D00DE9922 /* Accounts.framework */,
				D02B535B1630989A00F1F535 /* CoreFoundation.framework */,
				D02B537116309C7700F1F535 /* Foundation.framework */,
				D003483F16666E650048513A /* Security.framework */,
				D053EF8F16271BC9008B8BA1 /* SenTestingKit.framework */,
				D06194F11638668400A906F7 /* Social.framework */,
				D02B538116309C7700F1F535 /* UIKit.framework */,
			);
			name = Frameworks;
			sourceTree = "<group>";
		};
		D053EF9516271BC9008B8BA1 /* SinglySDKTests */ = {
			isa = PBXGroup;
			children = (
				D053EF9B16271BC9008B8BA1 /* SinglySDKTests.h */,
				D053EF9C16271BC9008B8BA1 /* SinglySDKTests.m */,
				D053EF9616271BC9008B8BA1 /* Supporting Files */,
			);
			path = SinglySDKTests;
			sourceTree = "<group>";
		};
		D053EF9616271BC9008B8BA1 /* Supporting Files */ = {
			isa = PBXGroup;
			children = (
				D053EF9716271BC9008B8BA1 /* SinglySDKTests-Info.plist */,
				D053EF9816271BC9008B8BA1 /* InfoPlist.strings */,
				D053EF9E16271BC9008B8BA1 /* SinglySDKTests-Prefix.pch */,
			);
			name = "Supporting Files";
			sourceTree = "<group>";
		};
		D053EFCD16275C7F008B8BA1 /* Images */ = {
			isa = PBXGroup;
			children = (
				D053EFCF16275C8F008B8BA1 /* Compose View */,
				D053EFCE16275C85008B8BA1 /* Friend Picker */,
				D0DB161B162E0A87005EC7C7 /* Login Picker */,
				D0EA60C2163B4554001AC1DF /* Icon-512.png */,
				D077BA6516555A3F00F6EEDE /* Disk Image Background.psd */,
				D077BA6616555A3F00F6EEDE /* Disk Image Background.tiff */,
			);
			path = Images;
			sourceTree = "<group>";
		};
		D053EFCE16275C85008B8BA1 /* Friend Picker */ = {
			isa = PBXGroup;
			children = (
				D053EFD216275CFD008B8BA1 /* Avatar Placeholder.png */,
				D053EFD316275CFD008B8BA1 /* Avatar Placeholder@2x.png */,
			);
			path = "Friend Picker";
			sourceTree = "<group>";
		};
		D053EFCF16275C8F008B8BA1 /* Compose View */ = {
			isa = PBXGroup;
			children = (
				D053EFD816275D05008B8BA1 /* DEFacebookAttachmentFrame.png */,
				D053EFD916275D05008B8BA1 /* DEFacebookAttachmentFrame@2x.png */,
				D053EFDA16275D05008B8BA1 /* DEFacebookCancelButtonLandscape.png */,
				D053EFDB16275D05008B8BA1 /* DEFacebookCancelButtonLandscape@2x.png */,
				D053EFDC16275D05008B8BA1 /* DEFacebookCancelButtonPortrait.png */,
				D053EFDD16275D05008B8BA1 /* DEFacebookCancelButtonPortrait@2x.png */,
				D053EFDE16275D05008B8BA1 /* DEFacebookCardAccountLine.png */,
				D053EFDF16275D05008B8BA1 /* DEFacebookCardAccountLine@2x.png */,
				D053EFE016275D05008B8BA1 /* DEFacebookCardBackground.png */,
				D053EFE116275D05008B8BA1 /* DEFacebookCardBackground@2x.png */,
				D053EFE216275D05008B8BA1 /* DEFacebookCardHeaderLine.png */,
				D053EFE316275D05008B8BA1 /* DEFacebookCardHeaderLine@2x.png */,
				D053EFE416275D05008B8BA1 /* DEFacebookPaperClip.png */,
				D053EFE516275D05008B8BA1 /* DEFacebookPaperClip@2x.png */,
				D053EFE616275D05008B8BA1 /* DEFacebookSendButtonLandscape.png */,
				D053EFE716275D05008B8BA1 /* DEFacebookSendButtonLandscape@2x.png */,
				D053EFE816275D05008B8BA1 /* DEFacebookSendButtonPortrait.png */,
				D053EFE916275D05008B8BA1 /* DEFacebookSendButtonPortrait@2x.png */,
				D053EFEA16275D05008B8BA1 /* DEFacebookURLAttachment.png */,
				D053EFEB16275D05008B8BA1 /* DEFacebookURLAttachment@2x.png */,
				D053EFEC16275D05008B8BA1 /* NavBarLandscape.png */,
				D053EFED16275D05008B8BA1 /* NavBarLandscape@2x.png */,
			);
			path = "Compose View";
			sourceTree = "<group>";
		};
		D058710016431AE3007E8970 /* Services */ = {
			isa = PBXGroup;
			children = (
				D05870FB16431ADB007E8970 /* SinglyService.h */,
				D064F0E0166BF87900091CE5 /* SinglyService+Delegate.h */,
				D08C1BE8164C780B00035775 /* SinglyService+Internal.h */,
				D05870FC16431ADB007E8970 /* SinglyService.m */,
				D058710116431AFC007E8970 /* SinglyFacebookService.h */,
				D058710216431AFC007E8970 /* SinglyFacebookService.m */,
			);
			name = Services;
			path = ..;
			sourceTree = "<group>";
		};
		D067E1AE161B433700B43C32 /* Authentication */ = {
			isa = PBXGroup;
			children = (
				821D088515ED17B000ECFED0 /* SinglyLoginViewController.h */,
				D064F0E3166BFDFA00091CE5 /* SinglyLoginViewController+Delegate.h */,
				D090E33F165AF02000FE8273 /* SinglyLoginViewController+Internal.h */,
				821D088615ED17B000ECFED0 /* SinglyLoginViewController.m */,
				82CAD78915EEB0B300D3E486 /* SinglyLoginPickerViewController.h */,
				D064F0E6166C00AE00091CE5 /* SinglyLoginPickerViewController+Delegate.h */,
				D090E342165B0DD300FE8273 /* SinglyLoginPickerViewController+Internal.h */,
				82CAD78A15EEB0B300D3E486 /* SinglyLoginPickerViewController.m */,
				D021CBC5162DB7D800DE9922 /* SinglyLoginPickerServiceCell.h */,
				D090E345165B0ED700FE8273 /* SinglyLoginPickerServiceCell+Internal.h */,
				D021CBC6162DB7D800DE9922 /* SinglyLoginPickerServiceCell.m */,
			);
			name = Authentication;
			sourceTree = "<group>";
		};
		D067E1B0161B433D00B43C32 /* Sharing */ = {
			isa = PBXGroup;
			children = (
				824DCF321607B48D009FE2EA /* ComposeViewController */,
				82C6252E16011E7900BF5225 /* SinglySharingViewController.h */,
				82C6252F16011E7900BF5225 /* SinglySharingViewController.m */,
				824DCF331607B48D009FE2EA /* SinglySharingViewController.xib */,
			);
			name = Sharing;
			sourceTree = "<group>";
		};
		D067E1B1161B434E00B43C32 /* Friends */ = {
			isa = PBXGroup;
			children = (
				8236EBDB15EFE79E00F3351E /* SinglyFriendPickerViewController.h */,
				D064F0DD16699BC000091CE5 /* SinglyFriendPickerViewController+Internal.h */,
				8236EBDC15EFE79E00F3351E /* SinglyFriendPickerViewController.m */,
				D06830B91624BAFC00F398A6 /* SinglyFriendPickerCell.h */,
				D090E348165B116700FE8273 /* SinglyFriendPickerCell+Internal.h */,
				D06830BA1624BAFC00F398A6 /* SinglyFriendPickerCell.m */,
			);
			name = Friends;
			sourceTree = "<group>";
		};
		D06830CD1624D0AF00F398A6 /* Resources */ = {
			isa = PBXGroup;
			children = (
				D077BA6016540FDD00F6EEDE /* Icons */,
				D053EFCD16275C7F008B8BA1 /* Images */,
				821D087915ED177400ECFED0 /* InfoPlist.strings */,
				D053F01016276255008B8BA1 /* Resources-Info.plist */,
				D02B53D91630A31600F1F535 /* SinglyConstants.h */,
			);
			path = Resources;
			sourceTree = "<group>";
		};
		D077BA6016540FDD00F6EEDE /* Icons */ = {
			isa = PBXGroup;
			children = (
				D077BA6216540FF000F6EEDE /* Singly Folder Icon.rsrc */,
				D077BA6116540FE800F6EEDE /* Singly Folder Icon.icns */,
			);
			path = Icons;
			sourceTree = "<group>";
		};
		D090E33D165AE98E00FE8273 /* API Requests */ = {
			isa = PBXGroup;
			children = (
				D090E34F165BE96E00FE8273 /* SinglyRequest.h */,
				D00348371665322D0048513A /* SinglyRequest+Internal.h */,
				D090E350165BE96E00FE8273 /* SinglyRequest.m */,
			);
			name = "API Requests";
			sourceTree = "<group>";
		};
		D090E33E165AE99800FE8273 /* Sessions */ = {
			isa = PBXGroup;
			children = (
				821D088915ED17B000ECFED0 /* SinglySession.h */,
				D00348531666B56F0048513A /* SinglySession+Internal.h */,
				821D088A15ED17B000ECFED0 /* SinglySession.m */,
			);
			name = Sessions;
			sourceTree = "<group>";
		};
		D090E34E165BE6CC00FE8273 /* Miscellaneous Views */ = {
			isa = PBXGroup;
			children = (
				D0EA60BC163B3B99001AC1DF /* SinglyActivityIndicatorView.h */,
				D0EA60BD163B3B99001AC1DF /* SinglyActivityIndicatorView.m */,
			);
			name = "Miscellaneous Views";
			sourceTree = "<group>";
		};
		D0DB161B162E0A87005EC7C7 /* Login Picker */ = {
			isa = PBXGroup;
			children = (
				D0DB161C162E0A87005EC7C7 /* Service Placeholder.png */,
				D0DB161E162E0A87005EC7C7 /* Service Placeholder@2x.png */,
			);
			path = "Login Picker";
			sourceTree = "<group>";
		};
		D0E158DE1631C19E000D0BCA /* Scripts */ = {
			isa = PBXGroup;
			children = (
				D0E158DF1631C1BD000D0BCA /* Create Universal Library.rb */,
				D06D8DAC165193AB00E8750C /* Create Disk Image.rb */,
				D077BA63165554E500F6EEDE /* Customize Disk Image.applescript */,
			);
			path = Scripts;
			sourceTree = "<group>";
		};
/* End PBXGroup section */

/* Begin PBXHeadersBuildPhase section */
		D02B539B16309DA400F1F535 /* Headers */ = {
			isa = PBXHeadersBuildPhase;
			buildActionMask = 2147483647;
			files = (
				D02B539C16309DB900F1F535 /* SinglySDK.h in Headers */,
				D02B539D16309DBE00F1F535 /* NSString+URLEncoded.h in Headers */,
				D02B539E16309DC500F1F535 /* UIViewController+Modal.h in Headers */,
				D02B539F16309DCA00F1F535 /* SinglySession.h in Headers */,
				D02B53A116309DD300F1F535 /* SinglyLoginViewController.h in Headers */,
				D02B53A316309DDB00F1F535 /* SinglyLoginPickerViewController.h in Headers */,
				D02B53A516309DE100F1F535 /* SinglyLoginPickerServiceCell.h in Headers */,
				D02B53A916309DF500F1F535 /* SinglyFriendPickerViewController.h in Headers */,
				D02B53AB16309DFE00F1F535 /* SinglyFriendPickerCell.h in Headers */,
				D05870FD16431ADC007E8970 /* SinglyService.h in Headers */,
				D058710316431AFC007E8970 /* SinglyFacebookService.h in Headers */,
				D02B53DB1630A31600F1F535 /* SinglyConstants.h in Headers */,
				D0EA60BE163B3B9A001AC1DF /* SinglyActivityIndicatorView.h in Headers */,
				D08C1BD81649C37000035775 /* NSDictionary+QueryString.h in Headers */,
				D08C1BDE1649C48900035775 /* NSURL+AccessToken.h in Headers */,
				D08C1BEA164C780C00035775 /* SinglyService+Internal.h in Headers */,
				D090E340165AF02000FE8273 /* SinglyLoginViewController+Internal.h in Headers */,
				D090E343165B0DD300FE8273 /* SinglyLoginPickerViewController+Internal.h in Headers */,
				D090E346165B0ED700FE8273 /* SinglyLoginPickerServiceCell+Internal.h in Headers */,
				D090E349165B116700FE8273 /* SinglyFriendPickerCell+Internal.h in Headers */,
				D090E351165BE96E00FE8273 /* SinglyRequest.h in Headers */,
				D00348381665322D0048513A /* SinglyRequest+Internal.h in Headers */,
				D003483B16666C8B0048513A /* SinglyKeychainItemWrapper.h in Headers */,
				D00348541666B56F0048513A /* SinglySession+Internal.h in Headers */,
				D064F0DE16699BC000091CE5 /* SinglyFriendPickerViewController+Internal.h in Headers */,
				D064F0E1166BF87900091CE5 /* SinglyService+Delegate.h in Headers */,
				D064F0E4166BFDFA00091CE5 /* SinglyLoginViewController+Delegate.h in Headers */,
				D064F0E7166C00AE00091CE5 /* SinglyLoginPickerViewController+Delegate.h in Headers */,
			);
			runOnlyForDeploymentPostprocessing = 0;
		};
		D02B540A1630A99300F1F535 /* Headers */ = {
			isa = PBXHeadersBuildPhase;
			buildActionMask = 2147483647;
			files = (
				D02B540B1630A99A00F1F535 /* SinglySDK.h in Headers */,
				D02B540C1630AA4700F1F535 /* SinglyConstants.h in Headers */,
				D0E2C7081637572B00AAD565 /* SinglySession.h in Headers */,
				D0E2C7091637573800AAD565 /* NSString+URLEncoded.h in Headers */,
				D0E2C70A1637573C00AAD565 /* UIViewController+Modal.h in Headers */,
				D0E2C70B1637574200AAD565 /* SinglyLoginViewController.h in Headers */,
				D0E2C70C1637575900AAD565 /* SinglyLoginPickerViewController.h in Headers */,
				D0E2C70D1637575E00AAD565 /* SinglyLoginPickerServiceCell.h in Headers */,
				D0E2C70F1637576A00AAD565 /* SinglyFriendPickerViewController.h in Headers */,
				D0E2C7101637576E00AAD565 /* SinglyFriendPickerCell.h in Headers */,
				D0EA60BF163B3B9A001AC1DF /* SinglyActivityIndicatorView.h in Headers */,
				D0587105164330FD007E8970 /* SinglyService.h in Headers */,
				D0587106164330FF007E8970 /* SinglyFacebookService.h in Headers */,
				D08C1BD91649C37000035775 /* NSDictionary+QueryString.h in Headers */,
				D08C1BDF1649C48900035775 /* NSURL+AccessToken.h in Headers */,
				D08C1BEB164C780C00035775 /* SinglyService+Internal.h in Headers */,
				D090E341165AF02000FE8273 /* SinglyLoginViewController+Internal.h in Headers */,
				D090E344165B0DD300FE8273 /* SinglyLoginPickerViewController+Internal.h in Headers */,
				D090E347165B0ED700FE8273 /* SinglyLoginPickerServiceCell+Internal.h in Headers */,
				D090E34A165B116700FE8273 /* SinglyFriendPickerCell+Internal.h in Headers */,
				D090E352165BE96E00FE8273 /* SinglyRequest.h in Headers */,
				D003483C16666C8B0048513A /* SinglyKeychainItemWrapper.h in Headers */,
				D00348551666B56F0048513A /* SinglySession+Internal.h in Headers */,
				D08D8AAF1669157300231B73 /* SinglyRequest+Internal.h in Headers */,
				D064F0E2166BF87900091CE5 /* SinglyService+Delegate.h in Headers */,
				D064F0E5166BFDFA00091CE5 /* SinglyLoginViewController+Delegate.h in Headers */,
				D064F0E8166C00AE00091CE5 /* SinglyLoginPickerViewController+Delegate.h in Headers */,
			);
			runOnlyForDeploymentPostprocessing = 0;
		};
/* End PBXHeadersBuildPhase section */

/* Begin PBXNativeTarget section */
		821D087315ED177400ECFED0 /* Framework */ = {
			isa = PBXNativeTarget;
			buildConfigurationList = 821D087F15ED177400ECFED0 /* Build configuration list for PBXNativeTarget "Framework" */;
			buildPhases = (
				821D086D15ED177400ECFED0 /* Sources */,
				821D086E15ED177400ECFED0 /* Frameworks */,
				D02B540A1630A99300F1F535 /* Headers */,
				D067E1B3161B493400B43C32 /* Generate Documentation */,
				D0E2C7041637528B00AAD565 /* Create Universal Library */,
			);
			buildRules = (
			);
			dependencies = (
				D053EFD116275CA9008B8BA1 /* PBXTargetDependency */,
			);
			name = Framework;
			productName = SinglySDK;
			productReference = 821D087415ED177400ECFED0 /* SinglySDK.framework */;
			productType = "com.apple.product-type.bundle";
		};
		D02B536F16309C7700F1F535 /* Static Library */ = {
			isa = PBXNativeTarget;
			buildConfigurationList = D02B539016309C7700F1F535 /* Build configuration list for PBXNativeTarget "Static Library" */;
			buildPhases = (
				D02B536C16309C7700F1F535 /* Sources */,
				D02B536D16309C7700F1F535 /* Frameworks */,
				D02B539B16309DA400F1F535 /* Headers */,
				D0E158DD1631BF9B000D0BCA /* Create Universal Library */,
			);
			buildRules = (
			);
			dependencies = (
				D02B540F1630ABF500F1F535 /* PBXTargetDependency */,
			);
			name = "Static Library";
			productName = "Static Library";
			productReference = D02B537016309C7700F1F535 /* libSinglySDK.a */;
			productType = "com.apple.product-type.library.static";
		};
		D053EF8C16271BC9008B8BA1 /* Tests */ = {
			isa = PBXNativeTarget;
			buildConfigurationList = D053EF9F16271BC9008B8BA1 /* Build configuration list for PBXNativeTarget "Tests" */;
			buildPhases = (
				D053EF8816271BC9008B8BA1 /* Sources */,
				D053EF8916271BC9008B8BA1 /* Frameworks */,
				D053EF8A16271BC9008B8BA1 /* Resources */,
				D053EF8B16271BC9008B8BA1 /* Run Script */,
			);
			buildRules = (
			);
			dependencies = (
			);
			name = Tests;
			productName = SinglySDKTests;
			productReference = D053EF8D16271BC9008B8BA1 /* SinglySDK.octest */;
			productType = "com.apple.product-type.bundle";
		};
		D053EFC016275C06008B8BA1 /* Resources */ = {
			isa = PBXNativeTarget;
			buildConfigurationList = D053EFCA16275C06008B8BA1 /* Build configuration list for PBXNativeTarget "Resources" */;
			buildPhases = (
				D053EFBF16275C06008B8BA1 /* Resources */,
			);
			buildRules = (
			);
			dependencies = (
			);
			name = Resources;
			productName = SinglySDK.bundle;
			productReference = D053EFC116275C06008B8BA1 /* SinglySDK.bundle */;
			productType = "com.apple.product-type.bundle";
		};
/* End PBXNativeTarget section */

/* Begin PBXProject section */
		821D086715ED177300ECFED0 /* Project object */ = {
			isa = PBXProject;
			attributes = {
				CLASSPREFIX = Singly;
				LastUpgradeCheck = 0440;
				ORGANIZATIONNAME = "Singly, Inc";
			};
			buildConfigurationList = 821D086A15ED177300ECFED0 /* Build configuration list for PBXProject "SinglySDK" */;
			compatibilityVersion = "Xcode 3.2";
			developmentRegion = English;
			hasScannedForEncodings = 0;
			knownRegions = (
				en,
			);
			mainGroup = 821D086515ED177300ECFED0;
			productRefGroup = 821D087515ED177400ECFED0 /* Products */;
			projectDirPath = "";
			projectRoot = "";
			targets = (
				D02B536F16309C7700F1F535 /* Static Library */,
				821D087315ED177400ECFED0 /* Framework */,
				D053EFC016275C06008B8BA1 /* Resources */,
				D053EF8C16271BC9008B8BA1 /* Tests */,
			);
		};
/* End PBXProject section */

/* Begin PBXResourcesBuildPhase section */
		D053EF8A16271BC9008B8BA1 /* Resources */ = {
			isa = PBXResourcesBuildPhase;
			buildActionMask = 2147483647;
			files = (
				D053EF9A16271BC9008B8BA1 /* InfoPlist.strings in Resources */,
			);
			runOnlyForDeploymentPostprocessing = 0;
		};
		D053EFBF16275C06008B8BA1 /* Resources */ = {
			isa = PBXResourcesBuildPhase;
			buildActionMask = 2147483647;
			files = (
				D053F00416275D08008B8BA1 /* Avatar Placeholder.png in Resources */,
				D053F00516275D08008B8BA1 /* Avatar Placeholder@2x.png in Resources */,
				D0DB1623162E0A93005EC7C7 /* Service Placeholder.png in Resources */,
				D0DB1624162E0A93005EC7C7 /* Service Placeholder@2x.png in Resources */,
				D0EA60C3163B4554001AC1DF /* Icon-512.png in Resources */,
			);
			runOnlyForDeploymentPostprocessing = 0;
		};
/* End PBXResourcesBuildPhase section */

/* Begin PBXShellScriptBuildPhase section */
		D053EF8B16271BC9008B8BA1 /* Run Script */ = {
			isa = PBXShellScriptBuildPhase;
			buildActionMask = 2147483647;
			files = (
			);
			inputPaths = (
			);
			name = "Run Script";
			outputPaths = (
			);
			runOnlyForDeploymentPostprocessing = 0;
			shellPath = /bin/sh;
			shellScript = "# Run the unit tests in this test bundle.\n\"${SYSTEM_DEVELOPER_DIR}/Tools/RunUnitTests\"\n";
		};
		D067E1B3161B493400B43C32 /* Generate Documentation */ = {
			isa = PBXShellScriptBuildPhase;
			buildActionMask = 2147483647;
			files = (
			);
			inputPaths = (
			);
			name = "Generate Documentation";
			outputPaths = (
			);
			runOnlyForDeploymentPostprocessing = 0;
			shellPath = /bin/sh;
			shellScript = "\nif [ ! -e /usr/local/bin/appledoc ]; then\n    echo \"warning: Unable to generate documentation because AppleDoc is not installed. Please install AppleDoc by using Homebrew (e.g. brew install appledoc).\"\n    exit 0\nfi\n\nexport SINGLY_SDK_VERSION=`grep SinglySDKVersion \"${PROJECT_DIR}/SinglySDK/SinglyConstants.h\" | sed 's/[^0-9\\.]//g'`\n\n/usr/local/bin/appledoc \\\n  --project-name \"${PROJECT_NAME}\" \\\n  --project-company \"Singly, Inc\" \\\n  --project-version \"${SINGLY_SDK_VERSION}\" \\\n  --company-id \"com.singly\" \\\n  --output \"${PROJECT_DIR}/Documentation\" \\\n  --docset-atom-filename \"SinglySDK.atom\" \\\n  --docset-feed-url \"http://singly.github.com/iOS-SDK/api/%DOCSETATOMFILENAME\" \\\n  --docset-package-url \"http://singly.github.com/iOS-SDK/api/%DOCSETPACKAGEFILENAME\" \\\n  --docset-fallback-url \"http://singly.github.com/iOS-SDK/api\" \\\n  --publish-docset \\\n  --logformat xcode \\\n  --keep-undocumented-objects \\\n  --keep-undocumented-members \\\n  --keep-intermediate-files \\\n  --no-repeat-first-par \\\n  --no-warn-invalid-crossref \\\n  --exit-threshold 2 \\\n  --ignore \".m\" \\\n  --ignore \"SinglySDKTests\" \\\n  --ignore \"SinglySDK/SinglySDK/Libraries\" \\\n  --ignore \"+Internal.h\" \\\n  --ignore \"DEFacebookGradientView.h\" \\\n  --ignore \"DEFacebookSheetCardView.h\" \\\n  --ignore \"DEFacebookTextView.h\" \\\n  --ignore \"DERuledView.h\" \\\n  --ignore \"UIApplication+DEFacebookComposeViewController.h\" \\\n  --ignore \"UIDevice+DEFacebookComposeViewController.h\" \\\n  --ignore \"SinglySharingViewController.h\" \\\n  --ignore \"SinglyActivityIndicatorView.h\" \\\n  --ignore \"SinglyKeychainItemWrapper.h\" \\\n  --ignore \"NSDictionary+QueryString.h\" \\\n  --ignore \"NSString+URLEncoded.h\" \\\n  --ignore \"NSURL+AccessToken.h\" \\\n  --ignore \"UIViewController+Modal.h\" \\\n  \"${PROJECT_DIR}\"\n";
		};
		D0E158DD1631BF9B000D0BCA /* Create Universal Library */ = {
			isa = PBXShellScriptBuildPhase;
			buildActionMask = 12;
			files = (
			);
			inputPaths = (
			);
			name = "Create Universal Library";
			outputPaths = (
			);
			runOnlyForDeploymentPostprocessing = 0;
			shellPath = /bin/sh;
			shellScript = "\n#\n# Prevent this script from being invoked recursively...\n#\n\nif [[ $CREATE_UNIVERSAL_LIBRARY_RUNNING ]]; then\nexit 0\nfi\n\nexport CREATE_UNIVERSAL_LIBRARY_RUNNING=1\n\n#\n# Launch the script\n#\n\n/usr/bin/env ruby \"$PROJECT_DIR/Scripts/Create Universal Library.rb\"\n";
		};
		D0E2C7041637528B00AAD565 /* Create Universal Library */ = {
			isa = PBXShellScriptBuildPhase;
			buildActionMask = 2147483647;
			files = (
			);
			inputPaths = (
			);
			name = "Create Universal Library";
			outputPaths = (
			);
			runOnlyForDeploymentPostprocessing = 0;
			shellPath = /bin/sh;
			shellScript = "\n#\n# Prevent this script from being invoked recursively...\n#\n\nif [[ $CREATE_UNIVERSAL_LIBRARY_RUNNING ]]; then\nexit 0\nfi\n\nexport CREATE_UNIVERSAL_LIBRARY_RUNNING=1\n\n#\n# Launch the script\n#\n\n/usr/bin/env ruby \"$PROJECT_DIR/Scripts/Create Universal Library.rb\"\n";
		};
/* End PBXShellScriptBuildPhase section */

/* Begin PBXSourcesBuildPhase section */
		821D086D15ED177400ECFED0 /* Sources */ = {
			isa = PBXSourcesBuildPhase;
			buildActionMask = 2147483647;
			files = (
				821D088E15ED17B000ECFED0 /* SinglyLoginViewController.m in Sources */,
				821D089215ED17B000ECFED0 /* SinglySession.m in Sources */,
				82CAD78C15EEB0B300D3E486 /* SinglyLoginPickerViewController.m in Sources */,
				8236EBDE15EFE79E00F3351E /* SinglyFriendPickerViewController.m in Sources */,
				825B6D95161C99EF0034DB92 /* NSString+URLEncoded.m in Sources */,
				D06830BC1624BAFC00F398A6 /* SinglyFriendPickerCell.m in Sources */,
				D021CBC8162DB7D800DE9922 /* SinglyLoginPickerServiceCell.m in Sources */,
				D08B3EE7162DF3E3009001D5 /* UIViewController+Modal.m in Sources */,
				D0EA60C1163B3B9A001AC1DF /* SinglyActivityIndicatorView.m in Sources */,
				D058710716433102007E8970 /* SinglyService.m in Sources */,
				D058710816433105007E8970 /* SinglyFacebookService.m in Sources */,
				D08C1BDB1649C37000035775 /* NSDictionary+QueryString.m in Sources */,
				D08C1BE11649C48900035775 /* NSURL+AccessToken.m in Sources */,
				D090E354165BE96E00FE8273 /* SinglyRequest.m in Sources */,
				D003483E16666C8B0048513A /* SinglyKeychainItemWrapper.m in Sources */,
			);
			runOnlyForDeploymentPostprocessing = 0;
		};
		D02B536C16309C7700F1F535 /* Sources */ = {
			isa = PBXSourcesBuildPhase;
			buildActionMask = 2147483647;
			files = (
				D02B539616309CDF00F1F535 /* NSString+URLEncoded.m in Sources */,
				D02B539716309CE200F1F535 /* UIViewController+Modal.m in Sources */,
				D02B53A016309DD100F1F535 /* SinglySession.m in Sources */,
				D02B53A216309DD600F1F535 /* SinglyLoginViewController.m in Sources */,
				D02B53A416309DDF00F1F535 /* SinglyLoginPickerViewController.m in Sources */,
				D02B53A616309DE400F1F535 /* SinglyLoginPickerServiceCell.m in Sources */,
				D02B53AA16309DF900F1F535 /* SinglyFriendPickerViewController.m in Sources */,
				D02B53AC16309E0100F1F535 /* SinglyFriendPickerCell.m in Sources */,
				D0EA60C0163B3B9A001AC1DF /* SinglyActivityIndicatorView.m in Sources */,
				D05870FE16431ADC007E8970 /* SinglyService.m in Sources */,
				D058710416431AFC007E8970 /* SinglyFacebookService.m in Sources */,
				D08C1BDA1649C37000035775 /* NSDictionary+QueryString.m in Sources */,
				D08C1BE01649C48900035775 /* NSURL+AccessToken.m in Sources */,
				D090E353165BE96E00FE8273 /* SinglyRequest.m in Sources */,
				D003483D16666C8B0048513A /* SinglyKeychainItemWrapper.m in Sources */,
			);
			runOnlyForDeploymentPostprocessing = 0;
		};
		D053EF8816271BC9008B8BA1 /* Sources */ = {
			isa = PBXSourcesBuildPhase;
			buildActionMask = 2147483647;
			files = (
				D053EF9D16271BC9008B8BA1 /* SinglySDKTests.m in Sources */,
			);
			runOnlyForDeploymentPostprocessing = 0;
		};
/* End PBXSourcesBuildPhase section */

/* Begin PBXTargetDependency section */
		D02B540F1630ABF500F1F535 /* PBXTargetDependency */ = {
			isa = PBXTargetDependency;
			target = D053EFC016275C06008B8BA1 /* Resources */;
			targetProxy = D02B540E1630ABF500F1F535 /* PBXContainerItemProxy */;
		};
		D053EFD116275CA9008B8BA1 /* PBXTargetDependency */ = {
			isa = PBXTargetDependency;
			target = D053EFC016275C06008B8BA1 /* Resources */;
			targetProxy = D053EFD016275CA9008B8BA1 /* PBXContainerItemProxy */;
		};
/* End PBXTargetDependency section */

/* Begin PBXVariantGroup section */
		821D087915ED177400ECFED0 /* InfoPlist.strings */ = {
			isa = PBXVariantGroup;
			children = (
				821D087A15ED177400ECFED0 /* en */,
			);
			name = InfoPlist.strings;
			path = ..;
			sourceTree = "<group>";
		};
		D053EF9816271BC9008B8BA1 /* InfoPlist.strings */ = {
			isa = PBXVariantGroup;
			children = (
				D053EF9916271BC9008B8BA1 /* en */,
			);
			name = InfoPlist.strings;
			sourceTree = "<group>";
		};
/* End PBXVariantGroup section */

/* Begin XCBuildConfiguration section */
		821D087D15ED177400ECFED0 /* Debug */ = {
			isa = XCBuildConfiguration;
			buildSettings = {
				ALWAYS_SEARCH_USER_PATHS = NO;
				CLANG_CXX_LANGUAGE_STANDARD = "gnu++0x";
				CLANG_CXX_LIBRARY = "libc++";
				CLANG_ENABLE_OBJC_ARC = YES;
				CLANG_WARN__DUPLICATE_METHOD_MATCH = YES;
				COPY_PHASE_STRIP = NO;
				GCC_C_LANGUAGE_STANDARD = gnu99;
				GCC_DYNAMIC_NO_PIC = NO;
				GCC_OPTIMIZATION_LEVEL = 0;
				GCC_PREPROCESSOR_DEFINITIONS = (
					"DEBUG=1",
					"$(inherited)",
				);
				GCC_SYMBOLS_PRIVATE_EXTERN = NO;
				GCC_VERSION = com.apple.compilers.llvm.clang.1_0;
				GCC_WARN_ABOUT_RETURN_TYPE = YES;
				GCC_WARN_UNINITIALIZED_AUTOS = YES;
				GCC_WARN_UNUSED_VARIABLE = YES;
				IPHONEOS_DEPLOYMENT_TARGET = 5.0;
				SDKROOT = iphoneos;
				STRIP_STYLE = "non-global";
				TARGETED_DEVICE_FAMILY = "1,2";
			};
			name = Debug;
		};
		821D087E15ED177400ECFED0 /* Release */ = {
			isa = XCBuildConfiguration;
			buildSettings = {
				ALWAYS_SEARCH_USER_PATHS = NO;
				CLANG_CXX_LANGUAGE_STANDARD = "gnu++0x";
				CLANG_CXX_LIBRARY = "libc++";
				CLANG_ENABLE_OBJC_ARC = YES;
				CLANG_WARN__DUPLICATE_METHOD_MATCH = YES;
				COPY_PHASE_STRIP = YES;
				GCC_C_LANGUAGE_STANDARD = gnu99;
				GCC_VERSION = com.apple.compilers.llvm.clang.1_0;
				GCC_WARN_ABOUT_RETURN_TYPE = YES;
				GCC_WARN_UNINITIALIZED_AUTOS = YES;
				GCC_WARN_UNUSED_VARIABLE = YES;
				IPHONEOS_DEPLOYMENT_TARGET = 5.0;
				SDKROOT = iphoneos;
				STRIP_STYLE = "non-global";
				TARGETED_DEVICE_FAMILY = "1,2";
				VALIDATE_PRODUCT = YES;
			};
			name = Release;
		};
		821D088015ED177400ECFED0 /* Debug */ = {
			isa = XCBuildConfiguration;
			buildSettings = {
				DEAD_CODE_STRIPPING = NO;
				DYLIB_COMPATIBILITY_VERSION = 1;
				DYLIB_CURRENT_VERSION = 1;
				FRAMEWORK_VERSION = A;
				INSTALL_PATH = /Library/Frameworks;
				LIBRARY_SEARCH_PATHS = (
					"$(inherited)",
					"\"$(SRCROOT)\"",
				);
				LINK_WITH_STANDARD_LIBRARIES = NO;
				MACH_O_TYPE = mh_object;
				PRODUCT_NAME = SinglySDK;
				WRAPPER_EXTENSION = framework;
			};
			name = Debug;
		};
		821D088115ED177400ECFED0 /* Release */ = {
			isa = XCBuildConfiguration;
			buildSettings = {
				DEAD_CODE_STRIPPING = NO;
				DYLIB_COMPATIBILITY_VERSION = 1;
				DYLIB_CURRENT_VERSION = 1;
				FRAMEWORK_VERSION = A;
				INSTALL_PATH = /Library/Frameworks;
				LIBRARY_SEARCH_PATHS = (
					"$(inherited)",
					"\"$(SRCROOT)\"",
				);
				LINK_WITH_STANDARD_LIBRARIES = NO;
				MACH_O_TYPE = mh_object;
				PRODUCT_NAME = SinglySDK;
				WRAPPER_EXTENSION = framework;
			};
			name = Release;
		};
		D02B539116309C7700F1F535 /* Debug */ = {
			isa = XCBuildConfiguration;
			buildSettings = {
				CLANG_WARN_EMPTY_BODY = YES;
				DEAD_CODE_STRIPPING = NO;
				LIBRARY_SEARCH_PATHS = (
					"$(inherited)",
					"\"$(SRCROOT)\"",
				);
				OTHER_LDFLAGS = "-ObjC";
				PRODUCT_NAME = SinglySDK;
				PUBLIC_HEADERS_FOLDER_PATH = Headers;
			};
			name = Debug;
		};
		D02B539216309C7700F1F535 /* Release */ = {
			isa = XCBuildConfiguration;
			buildSettings = {
				CLANG_WARN_EMPTY_BODY = YES;
				DEAD_CODE_STRIPPING = NO;
				LIBRARY_SEARCH_PATHS = (
					"$(inherited)",
					"\"$(SRCROOT)\"",
				);
				OTHER_LDFLAGS = "-ObjC";
				PRODUCT_NAME = SinglySDK;
				PUBLIC_HEADERS_FOLDER_PATH = Headers;
			};
			name = Release;
		};
		D053EFA016271BC9008B8BA1 /* Debug */ = {
			isa = XCBuildConfiguration;
			buildSettings = {
				CLANG_CXX_LIBRARY = "libc++";
				CLANG_WARN_EMPTY_BODY = YES;
				FRAMEWORK_SEARCH_PATHS = (
					"\"$(SDKROOT)/Developer/Library/Frameworks\"",
					"\"$(DEVELOPER_LIBRARY_DIR)/Frameworks\"",
				);
				GCC_PRECOMPILE_PREFIX_HEADER = YES;
				GCC_PREFIX_HEADER = "SinglySDKTests/SinglySDKTests-Prefix.pch";
				INFOPLIST_FILE = "SinglySDKTests/SinglySDKTests-Info.plist";
				LIBRARY_SEARCH_PATHS = (
					"$(inherited)",
					"\"$(SRCROOT)\"",
				);
				ONLY_ACTIVE_ARCH = YES;
				PRODUCT_NAME = SinglySDK;
				WRAPPER_EXTENSION = octest;
			};
			name = Debug;
		};
		D053EFA116271BC9008B8BA1 /* Release */ = {
			isa = XCBuildConfiguration;
			buildSettings = {
				CLANG_CXX_LIBRARY = "libc++";
				CLANG_WARN_EMPTY_BODY = YES;
				FRAMEWORK_SEARCH_PATHS = (
					"\"$(SDKROOT)/Developer/Library/Frameworks\"",
					"\"$(DEVELOPER_LIBRARY_DIR)/Frameworks\"",
				);
				GCC_PRECOMPILE_PREFIX_HEADER = YES;
				GCC_PREFIX_HEADER = "SinglySDKTests/SinglySDKTests-Prefix.pch";
				INFOPLIST_FILE = "SinglySDKTests/SinglySDKTests-Info.plist";
				LIBRARY_SEARCH_PATHS = (
					"$(inherited)",
					"\"$(SRCROOT)\"",
				);
				PRODUCT_NAME = SinglySDK;
				WRAPPER_EXTENSION = octest;
			};
			name = Release;
		};
		D053EFCB16275C06008B8BA1 /* Debug */ = {
			isa = XCBuildConfiguration;
			buildSettings = {
				INFOPLIST_FILE = "SinglySDK/Resources/Resources-Info.plist";
				INSTALL_PATH = /Library/Bundles;
				PRODUCT_NAME = SinglySDK;
				WRAPPER_EXTENSION = bundle;
			};
			name = Debug;
		};
		D053EFCC16275C06008B8BA1 /* Release */ = {
			isa = XCBuildConfiguration;
			buildSettings = {
				INFOPLIST_FILE = "SinglySDK/Resources/Resources-Info.plist";
				INSTALL_PATH = /Library/Bundles;
				PRODUCT_NAME = SinglySDK;
				WRAPPER_EXTENSION = bundle;
			};
			name = Release;
		};
		D06D8DC71652D7BD00E8750C /* Example */ = {
			isa = XCBuildConfiguration;
			buildSettings = {
				ALWAYS_SEARCH_USER_PATHS = NO;
				CLANG_CXX_LANGUAGE_STANDARD = "gnu++0x";
				CLANG_CXX_LIBRARY = "libc++";
				CLANG_ENABLE_OBJC_ARC = YES;
				CLANG_WARN__DUPLICATE_METHOD_MATCH = YES;
				COPY_PHASE_STRIP = YES;
				GCC_C_LANGUAGE_STANDARD = gnu99;
				GCC_VERSION = com.apple.compilers.llvm.clang.1_0;
				GCC_WARN_ABOUT_RETURN_TYPE = YES;
				GCC_WARN_UNINITIALIZED_AUTOS = YES;
				GCC_WARN_UNUSED_VARIABLE = YES;
				IPHONEOS_DEPLOYMENT_TARGET = 5.0;
				SDKROOT = iphoneos;
				SKIP_INSTALL = YES;
				STRIP_STYLE = "non-global";
				TARGETED_DEVICE_FAMILY = "1,2";
				VALIDATE_PRODUCT = YES;
			};
			name = Example;
		};
		D06D8DC81652D7BD00E8750C /* Example */ = {
			isa = XCBuildConfiguration;
			buildSettings = {
				CLANG_WARN_EMPTY_BODY = YES;
				DEAD_CODE_STRIPPING = NO;
				LIBRARY_SEARCH_PATHS = (
					"$(inherited)",
					"\"$(SRCROOT)\"",
				);
				OTHER_LDFLAGS = "-ObjC";
				PRODUCT_NAME = SinglySDK;
				PUBLIC_HEADERS_FOLDER_PATH = Headers;
			};
			name = Example;
		};
		D06D8DC91652D7BD00E8750C /* Example */ = {
			isa = XCBuildConfiguration;
			buildSettings = {
				DEAD_CODE_STRIPPING = NO;
				DYLIB_COMPATIBILITY_VERSION = 1;
				DYLIB_CURRENT_VERSION = 1;
				FRAMEWORK_VERSION = A;
				INSTALL_PATH = /Library/Frameworks;
				LIBRARY_SEARCH_PATHS = (
					"$(inherited)",
					"\"$(SRCROOT)\"",
				);
				LINK_WITH_STANDARD_LIBRARIES = NO;
				MACH_O_TYPE = mh_object;
				PRODUCT_NAME = SinglySDK;
				WRAPPER_EXTENSION = framework;
			};
			name = Example;
		};
		D06D8DCA1652D7BD00E8750C /* Example */ = {
			isa = XCBuildConfiguration;
			buildSettings = {
				INFOPLIST_FILE = "SinglySDK/Resources/Resources-Info.plist";
				INSTALL_PATH = /Library/Bundles;
				PRODUCT_NAME = SinglySDK;
				WRAPPER_EXTENSION = bundle;
			};
			name = Example;
		};
		D06D8DCB1652D7BD00E8750C /* Example */ = {
			isa = XCBuildConfiguration;
			buildSettings = {
				CLANG_CXX_LIBRARY = "libc++";
				CLANG_WARN_EMPTY_BODY = YES;
				FRAMEWORK_SEARCH_PATHS = (
					"\"$(SDKROOT)/Developer/Library/Frameworks\"",
					"\"$(DEVELOPER_LIBRARY_DIR)/Frameworks\"",
				);
				GCC_PRECOMPILE_PREFIX_HEADER = YES;
				GCC_PREFIX_HEADER = "SinglySDKTests/SinglySDKTests-Prefix.pch";
				INFOPLIST_FILE = "SinglySDKTests/SinglySDKTests-Info.plist";
				LIBRARY_SEARCH_PATHS = (
					"$(inherited)",
					"\"$(SRCROOT)\"",
				);
				PRODUCT_NAME = SinglySDK;
				WRAPPER_EXTENSION = octest;
			};
			name = Example;
		};
/* End XCBuildConfiguration section */

/* Begin XCConfigurationList section */
		821D086A15ED177300ECFED0 /* Build configuration list for PBXProject "SinglySDK" */ = {
			isa = XCConfigurationList;
			buildConfigurations = (
				821D087D15ED177400ECFED0 /* Debug */,
				821D087E15ED177400ECFED0 /* Release */,
				D06D8DC71652D7BD00E8750C /* Example */,
			);
			defaultConfigurationIsVisible = 0;
			defaultConfigurationName = Release;
		};
		821D087F15ED177400ECFED0 /* Build configuration list for PBXNativeTarget "Framework" */ = {
			isa = XCConfigurationList;
			buildConfigurations = (
				821D088015ED177400ECFED0 /* Debug */,
				821D088115ED177400ECFED0 /* Release */,
				D06D8DC91652D7BD00E8750C /* Example */,
			);
			defaultConfigurationIsVisible = 0;
			defaultConfigurationName = Release;
		};
		D02B539016309C7700F1F535 /* Build configuration list for PBXNativeTarget "Static Library" */ = {
			isa = XCConfigurationList;
			buildConfigurations = (
				D02B539116309C7700F1F535 /* Debug */,
				D02B539216309C7700F1F535 /* Release */,
				D06D8DC81652D7BD00E8750C /* Example */,
			);
			defaultConfigurationIsVisible = 0;
			defaultConfigurationName = Release;
		};
		D053EF9F16271BC9008B8BA1 /* Build configuration list for PBXNativeTarget "Tests" */ = {
			isa = XCConfigurationList;
			buildConfigurations = (
				D053EFA016271BC9008B8BA1 /* Debug */,
				D053EFA116271BC9008B8BA1 /* Release */,
				D06D8DCB1652D7BD00E8750C /* Example */,
			);
			defaultConfigurationIsVisible = 0;
			defaultConfigurationName = Release;
		};
		D053EFCA16275C06008B8BA1 /* Build configuration list for PBXNativeTarget "Resources" */ = {
			isa = XCConfigurationList;
			buildConfigurations = (
				D053EFCB16275C06008B8BA1 /* Debug */,
				D053EFCC16275C06008B8BA1 /* Release */,
				D06D8DCA1652D7BD00E8750C /* Example */,
			);
			defaultConfigurationIsVisible = 0;
			defaultConfigurationName = Release;
		};
/* End XCConfigurationList section */
	};
	rootObject = 821D086715ED177300ECFED0 /* Project object */;
}
